// !$*UTF8*$!
{
	archiveVersion = 1;
	classes = {
	};
	objectVersion = 50;
	objects = {

/* Begin PBXBuildFile section */
		2A1A375F219D1764006EE0A0 /* AppDelegate.m in Sources */ = {isa = PBXBuildFile; fileRef = 2A1A375E219D1764006EE0A0 /* AppDelegate.m */; };
		2A1A3765219D1764006EE0A0 /* Main.storyboard in Resources */ = {isa = PBXBuildFile; fileRef = 2A1A3763219D1764006EE0A0 /* Main.storyboard */; };
		2A1A3767219D1765006EE0A0 /* Assets.xcassets in Resources */ = {isa = PBXBuildFile; fileRef = 2A1A3766219D1765006EE0A0 /* Assets.xcassets */; };
		2A1A376A219D1765006EE0A0 /* LaunchScreen.storyboard in Resources */ = {isa = PBXBuildFile; fileRef = 2A1A3768219D1765006EE0A0 /* LaunchScreen.storyboard */; };
		2A1A376D219D1765006EE0A0 /* main.m in Sources */ = {isa = PBXBuildFile; fileRef = 2A1A376C219D1765006EE0A0 /* main.m */; };
		2A1A377B219D64ED006EE0A0 /* LThread.m in Sources */ = {isa = PBXBuildFile; fileRef = 2A1A377A219D64ED006EE0A0 /* LThread.m */; };
		2A1A377E219D66A0006EE0A0 /* CommonObject.m in Sources */ = {isa = PBXBuildFile; fileRef = 2A1A377D219D66A0006EE0A0 /* CommonObject.m */; };
		2A1A379F21ACD332006EE0A0 /* TwoViewController.m in Sources */ = {isa = PBXBuildFile; fileRef = 2A1A379E21ACD332006EE0A0 /* TwoViewController.m */; };
		2A1A37A321B11A4E006EE0A0 /* timerUpdate.png in Resources */ = {isa = PBXBuildFile; fileRef = 2A1A37A221B11A4E006EE0A0 /* timerUpdate.png */; };
		2A1A37A721B129ED006EE0A0 /* ViewController.m in Sources */ = {isa = PBXBuildFile; fileRef = 2A1A37A521B129ED006EE0A0 /* ViewController.m */; };
		2ADAEBCC21F81680002BF77C /* DWURunLoopWorkDistribution.m in Sources */ = {isa = PBXBuildFile; fileRef = 2ADAEBC821F8167E002BF77C /* DWURunLoopWorkDistribution.m */; };
		2ADAEBCD21F81680002BF77C /* ViewControllerSwift.swift in Sources */ = {isa = PBXBuildFile; fileRef = 2ADAEBCA21F81680002BF77C /* ViewControllerSwift.swift */; };
		2ADAEBCE21F81680002BF77C /* ViewController.m in Sources */ = {isa = PBXBuildFile; fileRef = 2ADAEBCB21F81680002BF77C /* ViewController.m */; };
/* End PBXBuildFile section */

/* Begin PBXFileReference section */
		2A1A375A219D1764006EE0A0 /* ForRunLoop.app */ = {isa = PBXFileReference; explicitFileType = wrapper.application; includeInIndex = 0; path = ForRunLoop.app; sourceTree = BUILT_PRODUCTS_DIR; };
		2A1A375D219D1764006EE0A0 /* AppDelegate.h */ = {isa = PBXFileReference; lastKnownFileType = sourcecode.c.h; path = AppDelegate.h; sourceTree = "<group>"; };
		2A1A375E219D1764006EE0A0 /* AppDelegate.m */ = {isa = PBXFileReference; lastKnownFileType = sourcecode.c.objc; path = AppDelegate.m; sourceTree = "<group>"; };
		2A1A3760219D1764006EE0A0 /* ViewController.h */ = {isa = PBXFileReference; lastKnownFileType = sourcecode.c.h; path = ViewController.h; sourceTree = "<group>"; };
		2A1A3761219D1764006EE0A0 /* ViewController.m */ = {isa = PBXFileReference; lastKnownFileType = sourcecode.c.objc; path = ViewController.m; sourceTree = "<group>"; wrapsLines = 1; };
		2A1A3764219D1764006EE0A0 /* Base */ = {isa = PBXFileReference; lastKnownFileType = file.storyboard; name = Base; path = Base.lproj/Main.storyboard; sourceTree = "<group>"; };
		2A1A3766219D1765006EE0A0 /* Assets.xcassets */ = {isa = PBXFileReference; lastKnownFileType = folder.assetcatalog; path = Assets.xcassets; sourceTree = "<group>"; };
		2A1A3769219D1765006EE0A0 /* Base */ = {isa = PBXFileReference; lastKnownFileType = file.storyboard; name = Base; path = Base.lproj/LaunchScreen.storyboard; sourceTree = "<group>"; };
		2A1A376B219D1765006EE0A0 /* Info.plist */ = {isa = PBXFileReference; lastKnownFileType = text.plist.xml; path = Info.plist; sourceTree = "<group>"; };
		2A1A376C219D1765006EE0A0 /* main.m */ = {isa = PBXFileReference; lastKnownFileType = sourcecode.c.objc; path = main.m; sourceTree = "<group>"; };
		2A1A3779219D64ED006EE0A0 /* LThread.h */ = {isa = PBXFileReference; lastKnownFileType = sourcecode.c.h; path = LThread.h; sourceTree = "<group>"; };
		2A1A377A219D64ED006EE0A0 /* LThread.m */ = {isa = PBXFileReference; lastKnownFileType = sourcecode.c.objc; path = LThread.m; sourceTree = "<group>"; };
		2A1A377C219D66A0006EE0A0 /* CommonObject.h */ = {isa = PBXFileReference; lastKnownFileType = sourcecode.c.h; path = CommonObject.h; sourceTree = "<group>"; };
		2A1A377D219D66A0006EE0A0 /* CommonObject.m */ = {isa = PBXFileReference; lastKnownFileType = sourcecode.c.objc; path = CommonObject.m; sourceTree = "<group>"; };
		2A1A379721AB970F006EE0A0 /* ViewController.m */ = {isa = PBXFileReference; fileEncoding = 4; lastKnownFileType = sourcecode.c.objc; path = ViewController.m; sourceTree = "<group>"; };
		2A1A379821AB970F006EE0A0 /* ViewController.h */ = {isa = PBXFileReference; fileEncoding = 4; lastKnownFileType = sourcecode.c.h; path = ViewController.h; sourceTree = "<group>"; };
		2A1A379A21AB9738006EE0A0 /* HLThread.m */ = {isa = PBXFileReference; fileEncoding = 4; lastKnownFileType = sourcecode.c.objc; path = HLThread.m; sourceTree = "<group>"; };
		2A1A379B21AB9739006EE0A0 /* HLThread.h */ = {isa = PBXFileReference; fileEncoding = 4; lastKnownFileType = sourcecode.c.h; path = HLThread.h; sourceTree = "<group>"; };
		2A1A379D21ACD332006EE0A0 /* TwoViewController.h */ = {isa = PBXFileReference; lastKnownFileType = sourcecode.c.h; path = TwoViewController.h; sourceTree = "<group>"; };
		2A1A379E21ACD332006EE0A0 /* TwoViewController.m */ = {isa = PBXFileReference; lastKnownFileType = sourcecode.c.objc; path = TwoViewController.m; sourceTree = "<group>"; };
		2A1A37A221B11A4E006EE0A0 /* timerUpdate.png */ = {isa = PBXFileReference; lastKnownFileType = image.png; path = timerUpdate.png; sourceTree = "<group>"; };
		2A1A37A521B129ED006EE0A0 /* ViewController.m */ = {isa = PBXFileReference; fileEncoding = 4; lastKnownFileType = sourcecode.c.objc; path = ViewController.m; sourceTree = "<group>"; };
		2A1A37A621B129ED006EE0A0 /* ViewController.h */ = {isa = PBXFileReference; fileEncoding = 4; lastKnownFileType = sourcecode.c.h; path = ViewController.h; sourceTree = "<group>"; };
		2ADAEBBF21F8163F002BF77C /* FluencyMonitor.h */ = {isa = PBXFileReference; fileEncoding = 4; lastKnownFileType = sourcecode.c.h; path = FluencyMonitor.h; sourceTree = "<group>"; };
		2ADAEBC021F8163F002BF77C /* ViewController.h */ = {isa = PBXFileReference; fileEncoding = 4; lastKnownFileType = sourcecode.c.h; path = ViewController.h; sourceTree = "<group>"; };
		2ADAEBC121F8163F002BF77C /* ViewController.m */ = {isa = PBXFileReference; fileEncoding = 4; lastKnownFileType = sourcecode.c.objc; path = ViewController.m; sourceTree = "<group>"; };
		2ADAEBC221F8163F002BF77C /* FluencyMonitor.m */ = {isa = PBXFileReference; fileEncoding = 4; lastKnownFileType = sourcecode.c.objc; path = FluencyMonitor.m; sourceTree = "<group>"; };
		2ADAEBC721F8167E002BF77C /* DWURunLoopWorkDistribution.h */ = {isa = PBXFileReference; fileEncoding = 4; lastKnownFileType = sourcecode.c.h; path = DWURunLoopWorkDistribution.h; sourceTree = "<group>"; };
		2ADAEBC821F8167E002BF77C /* DWURunLoopWorkDistribution.m */ = {isa = PBXFileReference; fileEncoding = 4; lastKnownFileType = sourcecode.c.objc; path = DWURunLoopWorkDistribution.m; sourceTree = "<group>"; };
		2ADAEBC921F8167F002BF77C /* ViewController.h */ = {isa = PBXFileReference; fileEncoding = 4; lastKnownFileType = sourcecode.c.h; path = ViewController.h; sourceTree = "<group>"; };
		2ADAEBCA21F81680002BF77C /* ViewControllerSwift.swift */ = {isa = PBXFileReference; fileEncoding = 4; lastKnownFileType = sourcecode.swift; path = ViewControllerSwift.swift; sourceTree = "<group>"; };
		2ADAEBCB21F81680002BF77C /* ViewController.m */ = {isa = PBXFileReference; fileEncoding = 4; lastKnownFileType = sourcecode.c.objc; path = ViewController.m; sourceTree = "<group>"; };
/* End PBXFileReference section */

/* Begin PBXFrameworksBuildPhase section */
		2A1A3757219D1764006EE0A0 /* Frameworks */ = {
			isa = PBXFrameworksBuildPhase;
			buildActionMask = 2147483647;
			files = (
			);
			runOnlyForDeploymentPostprocessing = 0;
		};
/* End PBXFrameworksBuildPhase section */

/* Begin PBXGroup section */
		2A1A3751219D1764006EE0A0 = {
			isa = PBXGroup;
			children = (
				2A1A375C219D1764006EE0A0 /* ForRunLoop */,
				2A1A375B219D1764006EE0A0 /* Products */,
			);
			sourceTree = "<group>";
		};
		2A1A375B219D1764006EE0A0 /* Products */ = {
			isa = PBXGroup;
			children = (
				2A1A375A219D1764006EE0A0 /* ForRunLoop.app */,
			);
			name = Products;
			sourceTree = "<group>";
		};
		2A1A375C219D1764006EE0A0 /* ForRunLoop */ = {
			isa = PBXGroup;
			children = (
				2A1A375D219D1764006EE0A0 /* AppDelegate.h */,
				2A1A375E219D1764006EE0A0 /* AppDelegate.m */,
				2A1A3760219D1764006EE0A0 /* ViewController.h */,
				2A1A3761219D1764006EE0A0 /* ViewController.m */,
				2A1A379D21ACD332006EE0A0 /* TwoViewController.h */,
				2A1A379E21ACD332006EE0A0 /* TwoViewController.m */,
				2A1A37A221B11A4E006EE0A0 /* timerUpdate.png */,
				2ADAEBC521F81661002BF77C /* test4 */,
				2ADAEBBE21F8161F002BF77C /* test3 */,
				2A1A37A421B129ED006EE0A0 /* test2 */,
				2A1A379621AB970F006EE0A0 /* test1 */,
				2A1A377C219D66A0006EE0A0 /* CommonObject.h */,
				2A1A377D219D66A0006EE0A0 /* CommonObject.m */,
				2A1A3779219D64ED006EE0A0 /* LThread.h */,
				2A1A377A219D64ED006EE0A0 /* LThread.m */,
				2A1A3763219D1764006EE0A0 /* Main.storyboard */,
				2A1A3766219D1765006EE0A0 /* Assets.xcassets */,
				2A1A3768219D1765006EE0A0 /* LaunchScreen.storyboard */,
				2A1A376B219D1765006EE0A0 /* Info.plist */,
				2A1A376C219D1765006EE0A0 /* main.m */,
			);
			path = ForRunLoop;
			sourceTree = "<group>";
		};
		2A1A379621AB970F006EE0A0 /* test1 */ = {
			isa = PBXGroup;
			children = (
				2A1A379721AB970F006EE0A0 /* ViewController.m */,
				2A1A379821AB970F006EE0A0 /* ViewController.h */,
				2A1A379B21AB9739006EE0A0 /* HLThread.h */,
				2A1A379A21AB9738006EE0A0 /* HLThread.m */,
			);
			path = test1;
			sourceTree = "<group>";
		};
		2A1A37A421B129ED006EE0A0 /* test2 */ = {
			isa = PBXGroup;
			children = (
				2A1A37A521B129ED006EE0A0 /* ViewController.m */,
				2A1A37A621B129ED006EE0A0 /* ViewController.h */,
			);
			path = test2;
			sourceTree = "<group>";
		};
		2ADAEBBE21F8161F002BF77C /* test3 */ = {
			isa = PBXGroup;
			children = (
				2ADAEBBF21F8163F002BF77C /* FluencyMonitor.h */,
				2ADAEBC221F8163F002BF77C /* FluencyMonitor.m */,
				2ADAEBC021F8163F002BF77C /* ViewController.h */,
				2ADAEBC121F8163F002BF77C /* ViewController.m */,
			);
			path = test3;
			sourceTree = "<group>";
		};
		2ADAEBC521F81661002BF77C /* test4 */ = {
			isa = PBXGroup;
			children = (
				2ADAEBC621F8167E002BF77C /* DWURunLoopWorkDistribution */,
				2ADAEBC921F8167F002BF77C /* ViewController.h */,
				2ADAEBCB21F81680002BF77C /* ViewController.m */,
				2ADAEBCA21F81680002BF77C /* ViewControllerSwift.swift */,
			);
			path = test4;
			sourceTree = "<group>";
		};
		2ADAEBC621F8167E002BF77C /* DWURunLoopWorkDistribution */ = {
			isa = PBXGroup;
			children = (
				2ADAEBC721F8167E002BF77C /* DWURunLoopWorkDistribution.h */,
				2ADAEBC821F8167E002BF77C /* DWURunLoopWorkDistribution.m */,
			);
			path = DWURunLoopWorkDistribution;
			sourceTree = "<group>";
		};
/* End PBXGroup section */

/* Begin PBXNativeTarget section */
		2A1A3759219D1764006EE0A0 /* ForRunLoop */ = {
			isa = PBXNativeTarget;
			buildConfigurationList = 2A1A3770219D1765006EE0A0 /* Build configuration list for PBXNativeTarget "ForRunLoop" */;
			buildPhases = (
				2A1A3756219D1764006EE0A0 /* Sources */,
				2A1A3757219D1764006EE0A0 /* Frameworks */,
				2A1A3758219D1764006EE0A0 /* Resources */,
			);
			buildRules = (
			);
			dependencies = (
			);
			name = ForRunLoop;
			productName = ForRunLoop;
			productReference = 2A1A375A219D1764006EE0A0 /* ForRunLoop.app */;
			productType = "com.apple.product-type.application";
		};
/* End PBXNativeTarget section */

/* Begin PBXProject section */
		2A1A3752219D1764006EE0A0 /* Project object */ = {
			isa = PBXProject;
			attributes = {
				LastUpgradeCheck = 1010;
				ORGANIZATIONNAME = DHSD;
				TargetAttributes = {
					2A1A3759219D1764006EE0A0 = {
						CreatedOnToolsVersion = 10.1;
						LastSwiftMigration = 1010;
					};
				};
			};
			buildConfigurationList = 2A1A3755219D1764006EE0A0 /* Build configuration list for PBXProject "ForRunLoop" */;
			compatibilityVersion = "Xcode 9.3";
			developmentRegion = en;
			hasScannedForEncodings = 0;
			knownRegions = (
				en,
				Base,
			);
			mainGroup = 2A1A3751219D1764006EE0A0;
			productRefGroup = 2A1A375B219D1764006EE0A0 /* Products */;
			projectDirPath = "";
			projectRoot = "";
			targets = (
				2A1A3759219D1764006EE0A0 /* ForRunLoop */,
			);
		};
/* End PBXProject section */

/* Begin PBXResourcesBuildPhase section */
		2A1A3758219D1764006EE0A0 /* Resources */ = {
			isa = PBXResourcesBuildPhase;
			buildActionMask = 2147483647;
			files = (
				2A1A37A321B11A4E006EE0A0 /* timerUpdate.png in Resources */,
				2A1A376A219D1765006EE0A0 /* LaunchScreen.storyboard in Resources */,
				2A1A3767219D1765006EE0A0 /* Assets.xcassets in Resources */,
				2A1A3765219D1764006EE0A0 /* Main.storyboard in Resources */,
			);
			runOnlyForDeploymentPostprocessing = 0;
		};
/* End PBXResourcesBuildPhase section */

/* Begin PBXSourcesBuildPhase section */
		2A1A3756219D1764006EE0A0 /* Sources */ = {
			isa = PBXSourcesBuildPhase;
			buildActionMask = 2147483647;
			files = (
				2ADAEBCE21F81680002BF77C /* ViewController.m in Sources */,
				2ADAEBCD21F81680002BF77C /* ViewControllerSwift.swift in Sources */,
				2A1A37A721B129ED006EE0A0 /* ViewController.m in Sources */,
				2A1A377B219D64ED006EE0A0 /* LThread.m in Sources */,
				2A1A377E219D66A0006EE0A0 /* CommonObject.m in Sources */,
				2A1A379F21ACD332006EE0A0 /* TwoViewController.m in Sources */,
				2A1A376D219D1765006EE0A0 /* main.m in Sources */,
				2ADAEBCC21F81680002BF77C /* DWURunLoopWorkDistribution.m in Sources */,
				2A1A375F219D1764006EE0A0 /* AppDelegate.m in Sources */,
			);
			runOnlyForDeploymentPostprocessing = 0;
		};
/* End PBXSourcesBuildPhase section */

/* Begin PBXVariantGroup section */
		2A1A3763219D1764006EE0A0 /* Main.storyboard */ = {
			isa = PBXVariantGroup;
			children = (
				2A1A3764219D1764006EE0A0 /* Base */,
			);
			name = Main.storyboard;
			sourceTree = "<group>";
		};
		2A1A3768219D1765006EE0A0 /* LaunchScreen.storyboard */ = {
			isa = PBXVariantGroup;
			children = (
				2A1A3769219D1765006EE0A0 /* Base */,
			);
			name = LaunchScreen.storyboard;
			sourceTree = "<group>";
		};
/* End PBXVariantGroup section */

/* Begin XCBuildConfiguration section */
		2A1A376E219D1765006EE0A0 /* Debug */ = {
			isa = XCBuildConfiguration;
			buildSettings = {
				ALWAYS_SEARCH_USER_PATHS = NO;
				CLANG_ANALYZER_NONNULL = YES;
				CLANG_ANALYZER_NUMBER_OBJECT_CONVERSION = YES_AGGRESSIVE;
				CLANG_CXX_LANGUAGE_STANDARD = "gnu++14";
				CLANG_CXX_LIBRARY = "libc++";
				CLANG_ENABLE_MODULES = YES;
				CLANG_ENABLE_OBJC_ARC = YES;
				CLANG_ENABLE_OBJC_WEAK = YES;
				CLANG_WARN_BLOCK_CAPTURE_AUTORELEASING = YES;
				CLANG_WARN_BOOL_CONVERSION = YES;
				CLANG_WARN_COMMA = YES;
				CLANG_WARN_CONSTANT_CONVERSION = YES;
				CLANG_WARN_DEPRECATED_OBJC_IMPLEMENTATIONS = YES;
				CLANG_WARN_DIRECT_OBJC_ISA_USAGE = YES_ERROR;
				CLANG_WARN_DOCUMENTATION_COMMENTS = YES;
				CLANG_WARN_EMPTY_BODY = YES;
				CLANG_WARN_ENUM_CONVERSION = YES;
				CLANG_WARN_INFINITE_RECURSION = YES;
				CLANG_WARN_INT_CONVERSION = YES;
				CLANG_WARN_NON_LITERAL_NULL_CONVERSION = YES;
				CLANG_WARN_OBJC_IMPLICIT_RETAIN_SELF = YES;
				CLANG_WARN_OBJC_LITERAL_CONVERSION = YES;
				CLANG_WARN_OBJC_ROOT_CLASS = YES_ERROR;
				CLANG_WARN_RANGE_LOOP_ANALYSIS = YES;
				CLANG_WARN_STRICT_PROTOTYPES = YES;
				CLANG_WARN_SUSPICIOUS_MOVE = YES;
				CLANG_WARN_UNGUARDED_AVAILABILITY = YES_AGGRESSIVE;
				CLANG_WARN_UNREACHABLE_CODE = YES;
				CLANG_WARN__DUPLICATE_METHOD_MATCH = YES;
				CODE_SIGN_IDENTITY = "iPhone Developer";
				COPY_PHASE_STRIP = NO;
				DEBUG_INFORMATION_FORMAT = dwarf;
				ENABLE_STRICT_OBJC_MSGSEND = YES;
				ENABLE_TESTABILITY = YES;
				GCC_C_LANGUAGE_STANDARD = gnu11;
				GCC_DYNAMIC_NO_PIC = NO;
				GCC_NO_COMMON_BLOCKS = YES;
				GCC_OPTIMIZATION_LEVEL = 0;
				GCC_PREPROCESSOR_DEFINITIONS = (
					"DEBUG=1",
					"$(inherited)",
				);
				GCC_WARN_64_TO_32_BIT_CONVERSION = YES;
				GCC_WARN_ABOUT_RETURN_TYPE = YES_ERROR;
				GCC_WARN_UNDECLARED_SELECTOR = YES;
				GCC_WARN_UNINITIALIZED_AUTOS = YES_AGGRESSIVE;
				GCC_WARN_UNUSED_FUNCTION = YES;
				GCC_WARN_UNUSED_VARIABLE = YES;
				IPHONEOS_DEPLOYMENT_TARGET = 12.1;
				MTL_ENABLE_DEBUG_INFO = INCLUDE_SOURCE;
				MTL_FAST_MATH = YES;
				ONLY_ACTIVE_ARCH = YES;
				SDKROOT = iphoneos;
			};
			name = Debug;
		};
		2A1A376F219D1765006EE0A0 /* Release */ = {
			isa = XCBuildConfiguration;
			buildSettings = {
				ALWAYS_SEARCH_USER_PATHS = NO;
				CLANG_ANALYZER_NONNULL = YES;
				CLANG_ANALYZER_NUMBER_OBJECT_CONVERSION = YES_AGGRESSIVE;
				CLANG_CXX_LANGUAGE_STANDARD = "gnu++14";
				CLANG_CXX_LIBRARY = "libc++";
				CLANG_ENABLE_MODULES = YES;
				CLANG_ENABLE_OBJC_ARC = YES;
				CLANG_ENABLE_OBJC_WEAK = YES;
				CLANG_WARN_BLOCK_CAPTURE_AUTORELEASING = YES;
				CLANG_WARN_BOOL_CONVERSION = YES;
				CLANG_WARN_COMMA = YES;
				CLANG_WARN_CONSTANT_CONVERSION = YES;
				CLANG_WARN_DEPRECATED_OBJC_IMPLEMENTATIONS = YES;
				CLANG_WARN_DIRECT_OBJC_ISA_USAGE = YES_ERROR;
				CLANG_WARN_DOCUMENTATION_COMMENTS = YES;
				CLANG_WARN_EMPTY_BODY = YES;
				CLANG_WARN_ENUM_CONVERSION = YES;
				CLANG_WARN_INFINITE_RECURSION = YES;
				CLANG_WARN_INT_CONVERSION = YES;
				CLANG_WARN_NON_LITERAL_NULL_CONVERSION = YES;
				CLANG_WARN_OBJC_IMPLICIT_RETAIN_SELF = YES;
				CLANG_WARN_OBJC_LITERAL_CONVERSION = YES;
				CLANG_WARN_OBJC_ROOT_CLASS = YES_ERROR;
				CLANG_WARN_RANGE_LOOP_ANALYSIS = YES;
				CLANG_WARN_STRICT_PROTOTYPES = YES;
				CLANG_WARN_SUSPICIOUS_MOVE = YES;
				CLANG_WARN_UNGUARDED_AVAILABILITY = YES_AGGRESSIVE;
				CLANG_WARN_UNREACHABLE_CODE = YES;
				CLANG_WARN__DUPLICATE_METHOD_MATCH = YES;
				CODE_SIGN_IDENTITY = "iPhone Developer";
				COPY_PHASE_STRIP = NO;
				DEBUG_INFORMATION_FORMAT = "dwarf-with-dsym";
				ENABLE_NS_ASSERTIONS = NO;
				ENABLE_STRICT_OBJC_MSGSEND = YES;
				GCC_C_LANGUAGE_STANDARD = gnu11;
				GCC_NO_COMMON_BLOCKS = YES;
				GCC_WARN_64_TO_32_BIT_CONVERSION = YES;
				GCC_WARN_ABOUT_RETURN_TYPE = YES_ERROR;
				GCC_WARN_UNDECLARED_SELECTOR = YES;
				GCC_WARN_UNINITIALIZED_AUTOS = YES_AGGRESSIVE;
				GCC_WARN_UNUSED_FUNCTION = YES;
				GCC_WARN_UNUSED_VARIABLE = YES;
				IPHONEOS_DEPLOYMENT_TARGET = 12.1;
				MTL_ENABLE_DEBUG_INFO = NO;
				MTL_FAST_MATH = YES;
				SDKROOT = iphoneos;
				VALIDATE_PRODUCT = YES;
			};
			name = Release;
		};
		2A1A3771219D1765006EE0A0 /* Debug */ = {
			isa = XCBuildConfiguration;
			buildSettings = {
				ASSETCATALOG_COMPILER_APPICON_NAME = AppIcon;
				CLANG_ENABLE_MODULES = YES;
				CODE_SIGN_STYLE = Automatic;
				INFOPLIST_FILE = ForRunLoop/Info.plist;
				LD_RUNPATH_SEARCH_PATHS = (
					"$(inherited)",
					"@executable_path/Frameworks",
				);
				PRODUCT_BUNDLE_IDENTIFIER = com.dhsd.ForRunLoop;
				PRODUCT_NAME = "$(TARGET_NAME)";
				SWIFT_OPTIMIZATION_LEVEL = "-Onone";
				SWIFT_VERSION = 4.2;
				TARGETED_DEVICE_FAMILY = "1,2";
			};
			name = Debug;
		};
		2A1A3772219D1765006EE0A0 /* Release */ = {
			isa = XCBuildConfiguration;
			buildSettings = {
				ASSETCATALOG_COMPILER_APPICON_NAME = AppIcon;
				CLANG_ENABLE_MODULES = YES;
				CODE_SIGN_STYLE = Automatic;
				INFOPLIST_FILE = ForRunLoop/Info.plist;
				LD_RUNPATH_SEARCH_PATHS = (
					"$(inherited)",
					"@executable_path/Frameworks",
				);
				PRODUCT_BUNDLE_IDENTIFIER = com.dhsd.ForRunLoop;
				PRODUCT_NAME = "$(TARGET_NAME)";
				SWIFT_VERSION = 4.2;
				TARGETED_DEVICE_FAMILY = "1,2";
			};
			name = Release;
		};
/* End XCBuildConfiguration section */

/* Begin XCConfigurationList section */
		2A1A3755219D1764006EE0A0 /* Build configuration list for PBXProject "ForRunLoop" */ = {
			isa = XCConfigurationList;
			buildConfigurations = (
				2A1A376E219D1765006EE0A0 /* Debug */,
				2A1A376F219D1765006EE0A0 /* Release */,
			);
			defaultConfigurationIsVisible = 0;
			defaultConfigurationName = Release;
		};
		2A1A3770219D1765006EE0A0 /* Build configuration list for PBXNativeTarget "ForRunLoop" */ = {
			isa = XCConfigurationList;
			buildConfigurations = (
				2A1A3771219D1765006EE0A0 /* Debug */,
				2A1A3772219D1765006EE0A0 /* Release */,
			);
			defaultConfigurationIsVisible = 0;
			defaultConfigurationName = Release;
		};
/* End XCConfigurationList section */
	};
	rootObject = 2A1A3752219D1764006EE0A0 /* Project object */;
}
