// !$*UTF8*$!
{
	archiveVersion = 1;
	classes = {
	};
	objectVersion = 50;
	objects = {

/* Begin PBXBuildFile section */
		2A2310AA20D9E61E00F65D8D /* main.m in Sources */ = {isa = PBXBuildFile; fileRef = 2A2310A920D9E61E00F65D8D /* main.m */; };
		2A2310C020D9E6CC00F65D8D /* main.c in Sources */ = {isa = PBXBuildFile; fileRef = 2A2310BF20D9E6CC00F65D8D /* main.c */; };
		2A2310C520D9E9B100F65D8D /* main.c in Sources */ = {isa = PBXBuildFile; fileRef = 2A2310C420D9E9B100F65D8D /* main.c */; };
		2A2310CD20D9EA2000F65D8D /* main.c in Sources */ = {isa = PBXBuildFile; fileRef = 2A2310CC20D9EA2000F65D8D /* main.c */; };
		2A2310D820D9EA8400F65D8D /* main.c in Sources */ = {isa = PBXBuildFile; fileRef = 2A2310D720D9EA8400F65D8D /* main.c */; };
		2A93712020BAACB5002ED4E5 /* main.c in Sources */ = {isa = PBXBuildFile; fileRef = 2A93711F20BAACB5002ED4E5 /* main.c */; };
		2A93712E20BAAD8F002ED4E5 /* main.c in Sources */ = {isa = PBXBuildFile; fileRef = 2A93712D20BAAD8F002ED4E5 /* main.c */; };
/* End PBXBuildFile section */

/* Begin PBXCopyFilesBuildPhase section */
		2A2310A520D9E61E00F65D8D /* CopyFiles */ = {
			isa = PBXCopyFilesBuildPhase;
			buildActionMask = 2147483647;
			dstPath = /usr/share/man/man1/;
			dstSubfolderSpec = 0;
			files = (
			);
			runOnlyForDeploymentPostprocessing = 1;
		};
		2A2310B020D9E67000F65D8D /* CopyFiles */ = {
			isa = PBXCopyFilesBuildPhase;
			buildActionMask = 2147483647;
			dstPath = /usr/share/man/man1/;
			dstSubfolderSpec = 0;
			files = (
			);
			runOnlyForDeploymentPostprocessing = 1;
		};
		2A2310BB20D9E6CB00F65D8D /* CopyFiles */ = {
			isa = PBXCopyFilesBuildPhase;
			buildActionMask = 2147483647;
			dstPath = /usr/share/man/man1/;
			dstSubfolderSpec = 0;
			files = (
			);
			runOnlyForDeploymentPostprocessing = 1;
		};
		2A2310C820D9EA2000F65D8D /* CopyFiles */ = {
			isa = PBXCopyFilesBuildPhase;
			buildActionMask = 2147483647;
			dstPath = /usr/share/man/man1/;
			dstSubfolderSpec = 0;
			files = (
			);
			runOnlyForDeploymentPostprocessing = 1;
		};
		2A2310D320D9EA8400F65D8D /* CopyFiles */ = {
			isa = PBXCopyFilesBuildPhase;
			buildActionMask = 2147483647;
			dstPath = /usr/share/man/man1/;
			dstSubfolderSpec = 0;
			files = (
			);
			runOnlyForDeploymentPostprocessing = 1;
		};
		2A93711A20BAACB5002ED4E5 /* CopyFiles */ = {
			isa = PBXCopyFilesBuildPhase;
			buildActionMask = 2147483647;
			dstPath = /usr/share/man/man1/;
			dstSubfolderSpec = 0;
			files = (
			);
			runOnlyForDeploymentPostprocessing = 1;
		};
		2A93712920BAAD8F002ED4E5 /* CopyFiles */ = {
			isa = PBXCopyFilesBuildPhase;
			buildActionMask = 2147483647;
			dstPath = /usr/share/man/man1/;
			dstSubfolderSpec = 0;
			files = (
			);
			runOnlyForDeploymentPostprocessing = 1;
		};
/* End PBXCopyFilesBuildPhase section */

/* Begin PBXFileReference section */
		2A2310A720D9E61E00F65D8D /* nWide */ = {isa = PBXFileReference; explicitFileType = "compiled.mach-o.executable"; includeInIndex = 0; path = nWide; sourceTree = BUILT_PRODUCTS_DIR; };
		2A2310A920D9E61E00F65D8D /* main.m */ = {isa = PBXFileReference; lastKnownFileType = sourcecode.c.objc; path = main.m; sourceTree = "<group>"; };
		2A2310B220D9E67000F65D8D /* proc */ = {isa = PBXFileReference; explicitFileType = "compiled.mach-o.executable"; includeInIndex = 0; path = proc; sourceTree = BUILT_PRODUCTS_DIR; };
		2A2310BD20D9E6CB00F65D8D /* readFile */ = {isa = PBXFileReference; explicitFileType = "compiled.mach-o.executable"; includeInIndex = 0; path = readFile; sourceTree = BUILT_PRODUCTS_DIR; };
		2A2310BF20D9E6CC00F65D8D /* main.c */ = {isa = PBXFileReference; lastKnownFileType = sourcecode.c.c; path = main.c; sourceTree = "<group>"; };
		2A2310C420D9E9B100F65D8D /* main.c */ = {isa = PBXFileReference; lastKnownFileType = sourcecode.c.c; path = main.c; sourceTree = "<group>"; };
		2A2310CA20D9EA2000F65D8D /* readFileF */ = {isa = PBXFileReference; explicitFileType = "compiled.mach-o.executable"; includeInIndex = 0; path = readFileF; sourceTree = BUILT_PRODUCTS_DIR; };
		2A2310CC20D9EA2000F65D8D /* main.c */ = {isa = PBXFileReference; lastKnownFileType = sourcecode.c.c; path = main.c; sourceTree = "<group>"; };
		2A2310D520D9EA8400F65D8D /* timers */ = {isa = PBXFileReference; explicitFileType = "compiled.mach-o.executable"; includeInIndex = 0; path = timers; sourceTree = BUILT_PRODUCTS_DIR; };
		2A2310D720D9EA8400F65D8D /* main.c */ = {isa = PBXFileReference; lastKnownFileType = sourcecode.c.c; path = main.c; sourceTree = "<group>"; };
		2A93711C20BAACB5002ED4E5 /* apply */ = {isa = PBXFileReference; explicitFileType = "compiled.mach-o.executable"; includeInIndex = 0; path = apply; sourceTree = BUILT_PRODUCTS_DIR; };
		2A93711F20BAACB5002ED4E5 /* main.c */ = {isa = PBXFileReference; lastKnownFileType = sourcecode.c.c; path = main.c; sourceTree = "<group>"; };
		2A93712620BAACF9002ED4E5 /* ReadMe.txt */ = {isa = PBXFileReference; fileEncoding = 4; lastKnownFileType = text; path = ReadMe.txt; sourceTree = "<group>"; };
		2A93712B20BAAD8F002ED4E5 /* netcat */ = {isa = PBXFileReference; explicitFileType = "compiled.mach-o.executable"; includeInIndex = 0; path = netcat; sourceTree = BUILT_PRODUCTS_DIR; };
		2A93712D20BAAD8F002ED4E5 /* main.c */ = {isa = PBXFileReference; lastKnownFileType = sourcecode.c.c; path = main.c; sourceTree = "<group>"; };
/* End PBXFileReference section */

/* Begin PBXFrameworksBuildPhase section */
		2A2310A420D9E61E00F65D8D /* Frameworks */ = {
			isa = PBXFrameworksBuildPhase;
			buildActionMask = 2147483647;
			files = (
			);
			runOnlyForDeploymentPostprocessing = 0;
		};
		2A2310AF20D9E67000F65D8D /* Frameworks */ = {
			isa = PBXFrameworksBuildPhase;
			buildActionMask = 2147483647;
			files = (
			);
			runOnlyForDeploymentPostprocessing = 0;
		};
		2A2310BA20D9E6CB00F65D8D /* Frameworks */ = {
			isa = PBXFrameworksBuildPhase;
			buildActionMask = 2147483647;
			files = (
			);
			runOnlyForDeploymentPostprocessing = 0;
		};
		2A2310C720D9EA2000F65D8D /* Frameworks */ = {
			isa = PBXFrameworksBuildPhase;
			buildActionMask = 2147483647;
			files = (
			);
			runOnlyForDeploymentPostprocessing = 0;
		};
		2A2310D220D9EA8400F65D8D /* Frameworks */ = {
			isa = PBXFrameworksBuildPhase;
			buildActionMask = 2147483647;
			files = (
			);
			runOnlyForDeploymentPostprocessing = 0;
		};
		2A93711920BAACB5002ED4E5 /* Frameworks */ = {
			isa = PBXFrameworksBuildPhase;
			buildActionMask = 2147483647;
			files = (
			);
			runOnlyForDeploymentPostprocessing = 0;
		};
		2A93712820BAAD8F002ED4E5 /* Frameworks */ = {
			isa = PBXFrameworksBuildPhase;
			buildActionMask = 2147483647;
			files = (
			);
			runOnlyForDeploymentPostprocessing = 0;
		};
/* End PBXFrameworksBuildPhase section */

/* Begin PBXGroup section */
		2A2310A820D9E61E00F65D8D /* nWide */ = {
			isa = PBXGroup;
			children = (
				2A2310A920D9E61E00F65D8D /* main.m */,
			);
			path = nWide;
			sourceTree = "<group>";
		};
		2A2310B320D9E67000F65D8D /* proc */ = {
			isa = PBXGroup;
			children = (
				2A2310C420D9E9B100F65D8D /* main.c */,
			);
			path = proc;
			sourceTree = "<group>";
		};
		2A2310BE20D9E6CB00F65D8D /* readFile */ = {
			isa = PBXGroup;
			children = (
				2A2310BF20D9E6CC00F65D8D /* main.c */,
			);
			path = readFile;
			sourceTree = "<group>";
		};
		2A2310CB20D9EA2000F65D8D /* readFileF */ = {
			isa = PBXGroup;
			children = (
				2A2310CC20D9EA2000F65D8D /* main.c */,
			);
			path = readFileF;
			sourceTree = "<group>";
		};
		2A2310D620D9EA8400F65D8D /* timers */ = {
			isa = PBXGroup;
			children = (
				2A2310D720D9EA8400F65D8D /* main.c */,
			);
			path = timers;
			sourceTree = "<group>";
		};
		2A93711320BAACB5002ED4E5 = {
			isa = PBXGroup;
			children = (
				2A93712620BAACF9002ED4E5 /* ReadMe.txt */,
				2A93711E20BAACB5002ED4E5 /* apply */,
				2A93712C20BAAD8F002ED4E5 /* netcat */,
				2A2310A820D9E61E00F65D8D /* nWide */,
				2A2310B320D9E67000F65D8D /* proc */,
				2A2310BE20D9E6CB00F65D8D /* readFile */,
				2A2310CB20D9EA2000F65D8D /* readFileF */,
				2A2310D620D9EA8400F65D8D /* timers */,
				2A93711D20BAACB5002ED4E5 /* Products */,
			);
			sourceTree = "<group>";
		};
		2A93711D20BAACB5002ED4E5 /* Products */ = {
			isa = PBXGroup;
			children = (
				2A93711C20BAACB5002ED4E5 /* apply */,
				2A93712B20BAAD8F002ED4E5 /* netcat */,
				2A2310A720D9E61E00F65D8D /* nWide */,
				2A2310B220D9E67000F65D8D /* proc */,
				2A2310BD20D9E6CB00F65D8D /* readFile */,
				2A2310CA20D9EA2000F65D8D /* readFileF */,
				2A2310D520D9EA8400F65D8D /* timers */,
			);
			name = Products;
			sourceTree = "<group>";
		};
		2A93711E20BAACB5002ED4E5 /* apply */ = {
			isa = PBXGroup;
			children = (
				2A93711F20BAACB5002ED4E5 /* main.c */,
			);
			path = apply;
			sourceTree = "<group>";
		};
		2A93712C20BAAD8F002ED4E5 /* netcat */ = {
			isa = PBXGroup;
			children = (
				2A93712D20BAAD8F002ED4E5 /* main.c */,
			);
			path = netcat;
			sourceTree = "<group>";
		};
/* End PBXGroup section */

/* Begin PBXNativeTarget section */
		2A2310A620D9E61E00F65D8D /* nWide */ = {
			isa = PBXNativeTarget;
			buildConfigurationList = 2A2310AD20D9E61E00F65D8D /* Build configuration list for PBXNativeTarget "nWide" */;
			buildPhases = (
				2A2310A320D9E61E00F65D8D /* Sources */,
				2A2310A420D9E61E00F65D8D /* Frameworks */,
				2A2310A520D9E61E00F65D8D /* CopyFiles */,
			);
			buildRules = (
			);
			dependencies = (
			);
			name = nWide;
			productName = nWide;
			productReference = 2A2310A720D9E61E00F65D8D /* nWide */;
			productType = "com.apple.product-type.tool";
		};
		2A2310B120D9E67000F65D8D /* proc */ = {
			isa = PBXNativeTarget;
			buildConfigurationList = 2A2310B620D9E67000F65D8D /* Build configuration list for PBXNativeTarget "proc" */;
			buildPhases = (
				2A2310AE20D9E67000F65D8D /* Sources */,
				2A2310AF20D9E67000F65D8D /* Frameworks */,
				2A2310B020D9E67000F65D8D /* CopyFiles */,
			);
			buildRules = (
			);
			dependencies = (
			);
			name = proc;
			productName = proc;
			productReference = 2A2310B220D9E67000F65D8D /* proc */;
			productType = "com.apple.product-type.tool";
		};
		2A2310BC20D9E6CB00F65D8D /* readFile */ = {
			isa = PBXNativeTarget;
			buildConfigurationList = 2A2310C120D9E6CC00F65D8D /* Build configuration list for PBXNativeTarget "readFile" */;
			buildPhases = (
				2A2310B920D9E6CB00F65D8D /* Sources */,
				2A2310BA20D9E6CB00F65D8D /* Frameworks */,
				2A2310BB20D9E6CB00F65D8D /* CopyFiles */,
			);
			buildRules = (
			);
			dependencies = (
			);
			name = readFile;
			productName = readFile;
			productReference = 2A2310BD20D9E6CB00F65D8D /* readFile */;
			productType = "com.apple.product-type.tool";
		};
		2A2310C920D9EA2000F65D8D /* readFileF */ = {
			isa = PBXNativeTarget;
			buildConfigurationList = 2A2310CE20D9EA2000F65D8D /* Build configuration list for PBXNativeTarget "readFileF" */;
			buildPhases = (
				2A2310C620D9EA2000F65D8D /* Sources */,
				2A2310C720D9EA2000F65D8D /* Frameworks */,
				2A2310C820D9EA2000F65D8D /* CopyFiles */,
			);
			buildRules = (
			);
			dependencies = (
			);
			name = readFileF;
			productName = readFileF;
			productReference = 2A2310CA20D9EA2000F65D8D /* readFileF */;
			productType = "com.apple.product-type.tool";
		};
		2A2310D420D9EA8400F65D8D /* timers */ = {
			isa = PBXNativeTarget;
			buildConfigurationList = 2A2310D920D9EA8400F65D8D /* Build configuration list for PBXNativeTarget "timers" */;
			buildPhases = (
				2A2310D120D9EA8400F65D8D /* Sources */,
				2A2310D220D9EA8400F65D8D /* Frameworks */,
				2A2310D320D9EA8400F65D8D /* CopyFiles */,
			);
			buildRules = (
			);
			dependencies = (
			);
			name = timers;
			productName = timers;
			productReference = 2A2310D520D9EA8400F65D8D /* timers */;
			productType = "com.apple.product-type.tool";
		};
		2A93711B20BAACB5002ED4E5 /* apply */ = {
			isa = PBXNativeTarget;
			buildConfigurationList = 2A93712320BAACB5002ED4E5 /* Build configuration list for PBXNativeTarget "apply" */;
			buildPhases = (
				2A93711820BAACB5002ED4E5 /* Sources */,
				2A93711920BAACB5002ED4E5 /* Frameworks */,
				2A93711A20BAACB5002ED4E5 /* CopyFiles */,
			);
			buildRules = (
			);
			dependencies = (
			);
			name = apply;
			productName = apply;
			productReference = 2A93711C20BAACB5002ED4E5 /* apply */;
			productType = "com.apple.product-type.tool";
		};
		2A93712A20BAAD8F002ED4E5 /* netcat */ = {
			isa = PBXNativeTarget;
			buildConfigurationList = 2A93712F20BAAD8F002ED4E5 /* Build configuration list for PBXNativeTarget "netcat" */;
			buildPhases = (
				2A93712720BAAD8F002ED4E5 /* Sources */,
				2A93712820BAAD8F002ED4E5 /* Frameworks */,
				2A93712920BAAD8F002ED4E5 /* CopyFiles */,
			);
			buildRules = (
			);
			dependencies = (
			);
			name = netcat;
			productName = netcat;
			productReference = 2A93712B20BAAD8F002ED4E5 /* netcat */;
			productType = "com.apple.product-type.tool";
		};
/* End PBXNativeTarget section */

/* Begin PBXProject section */
		2A93711420BAACB5002ED4E5 /* Project object */ = {
			isa = PBXProject;
			attributes = {
				LastUpgradeCheck = 0930;
				ORGANIZATIONNAME = DHSD;
				TargetAttributes = {
					2A2310A620D9E61E00F65D8D = {
						CreatedOnToolsVersion = 9.4.1;
					};
					2A2310B120D9E67000F65D8D = {
						CreatedOnToolsVersion = 9.4.1;
					};
					2A2310BC20D9E6CB00F65D8D = {
						CreatedOnToolsVersion = 9.4.1;
					};
					2A2310C920D9EA2000F65D8D = {
						CreatedOnToolsVersion = 9.4.1;
					};
					2A2310D420D9EA8400F65D8D = {
						CreatedOnToolsVersion = 9.4.1;
					};
					2A93711B20BAACB5002ED4E5 = {
						CreatedOnToolsVersion = 9.3.1;
					};
					2A93712A20BAAD8F002ED4E5 = {
						CreatedOnToolsVersion = 9.3.1;
					};
				};
			};
			buildConfigurationList = 2A93711720BAACB5002ED4E5 /* Build configuration list for PBXProject "Dispatch" */;
			compatibilityVersion = "Xcode 9.3";
			developmentRegion = en;
			hasScannedForEncodings = 0;
			knownRegions = (
				en,
			);
			mainGroup = 2A93711320BAACB5002ED4E5;
			productRefGroup = 2A93711D20BAACB5002ED4E5 /* Products */;
			projectDirPath = "";
			projectRoot = "";
			targets = (
				2A93711B20BAACB5002ED4E5 /* apply */,
				2A93712A20BAAD8F002ED4E5 /* netcat */,
				2A2310A620D9E61E00F65D8D /* nWide */,
				2A2310B120D9E67000F65D8D /* proc */,
				2A2310BC20D9E6CB00F65D8D /* readFile */,
				2A2310C920D9EA2000F65D8D /* readFileF */,
				2A2310D420D9EA8400F65D8D /* timers */,
			);
		};
/* End PBXProject section */

/* Begin PBXSourcesBuildPhase section */
		2A2310A320D9E61E00F65D8D /* Sources */ = {
			isa = PBXSourcesBuildPhase;
			buildActionMask = 2147483647;
			files = (
				2A2310AA20D9E61E00F65D8D /* main.m in Sources */,
			);
			runOnlyForDeploymentPostprocessing = 0;
		};
		2A2310AE20D9E67000F65D8D /* Sources */ = {
			isa = PBXSourcesBuildPhase;
			buildActionMask = 2147483647;
			files = (
				2A2310C520D9E9B100F65D8D /* main.c in Sources */,
			);
			runOnlyForDeploymentPostprocessing = 0;
		};
		2A2310B920D9E6CB00F65D8D /* Sources */ = {
			isa = PBXSourcesBuildPhase;
			buildActionMask = 2147483647;
			files = (
				2A2310C020D9E6CC00F65D8D /* main.c in Sources */,
			);
			runOnlyForDeploymentPostprocessing = 0;
		};
		2A2310C620D9EA2000F65D8D /* Sources */ = {
			isa = PBXSourcesBuildPhase;
			buildActionMask = 2147483647;
			files = (
				2A2310CD20D9EA2000F65D8D /* main.c in Sources */,
			);
			runOnlyForDeploymentPostprocessing = 0;
		};
		2A2310D120D9EA8400F65D8D /* Sources */ = {
			isa = PBXSourcesBuildPhase;
			buildActionMask = 2147483647;
			files = (
				2A2310D820D9EA8400F65D8D /* main.c in Sources */,
			);
			runOnlyForDeploymentPostprocessing = 0;
		};
		2A93711820BAACB5002ED4E5 /* Sources */ = {
			isa = PBXSourcesBuildPhase;
			buildActionMask = 2147483647;
			files = (
				2A93712020BAACB5002ED4E5 /* main.c in Sources */,
			);
			runOnlyForDeploymentPostprocessing = 0;
		};
		2A93712720BAAD8F002ED4E5 /* Sources */ = {
			isa = PBXSourcesBuildPhase;
			buildActionMask = 2147483647;
			files = (
				2A93712E20BAAD8F002ED4E5 /* main.c in Sources */,
			);
			runOnlyForDeploymentPostprocessing = 0;
		};
/* End PBXSourcesBuildPhase section */

/* Begin XCBuildConfiguration section */
		2A2310AB20D9E61E00F65D8D /* Debug */ = {
			isa = XCBuildConfiguration;
			buildSettings = {
				CODE_SIGN_STYLE = Automatic;
				PRODUCT_NAME = "$(TARGET_NAME)";
			};
			name = Debug;
		};
		2A2310AC20D9E61E00F65D8D /* Release */ = {
			isa = XCBuildConfiguration;
			buildSettings = {
				CODE_SIGN_STYLE = Automatic;
				PRODUCT_NAME = "$(TARGET_NAME)";
			};
			name = Release;
		};
		2A2310B720D9E67000F65D8D /* Debug */ = {
			isa = XCBuildConfiguration;
			buildSettings = {
				CODE_SIGN_STYLE = Automatic;
				PRODUCT_NAME = "$(TARGET_NAME)";
			};
			name = Debug;
		};
		2A2310B820D9E67000F65D8D /* Release */ = {
			isa = XCBuildConfiguration;
			buildSettings = {
				CODE_SIGN_STYLE = Automatic;
				PRODUCT_NAME = "$(TARGET_NAME)";
			};
			name = Release;
		};
		2A2310C220D9E6CC00F65D8D /* Debug */ = {
			isa = XCBuildConfiguration;
			buildSettings = {
				CODE_SIGN_STYLE = Automatic;
				PRODUCT_NAME = "$(TARGET_NAME)";
			};
			name = Debug;
		};
		2A2310C320D9E6CC00F65D8D /* Release */ = {
			isa = XCBuildConfiguration;
			buildSettings = {
				CODE_SIGN_STYLE = Automatic;
				PRODUCT_NAME = "$(TARGET_NAME)";
			};
			name = Release;
		};
		2A2310CF20D9EA2000F65D8D /* Debug */ = {
			isa = XCBuildConfiguration;
			buildSettings = {
				CODE_SIGN_STYLE = Automatic;
				PRODUCT_NAME = "$(TARGET_NAME)";
			};
			name = Debug;
		};
		2A2310D020D9EA2000F65D8D /* Release */ = {
			isa = XCBuildConfiguration;
			buildSettings = {
				CODE_SIGN_STYLE = Automatic;
				PRODUCT_NAME = "$(TARGET_NAME)";
			};
			name = Release;
		};
		2A2310DA20D9EA8400F65D8D /* Debug */ = {
			isa = XCBuildConfiguration;
			buildSettings = {
				CODE_SIGN_STYLE = Automatic;
				PRODUCT_NAME = "$(TARGET_NAME)";
			};
			name = Debug;
		};
		2A2310DB20D9EA8400F65D8D /* Release */ = {
			isa = XCBuildConfiguration;
			buildSettings = {
				CODE_SIGN_STYLE = Automatic;
				PRODUCT_NAME = "$(TARGET_NAME)";
			};
			name = Release;
		};
		2A93712120BAACB5002ED4E5 /* Debug */ = {
			isa = XCBuildConfiguration;
			buildSettings = {
				ALWAYS_SEARCH_USER_PATHS = NO;
				CLANG_ANALYZER_NONNULL = YES;
				CLANG_ANALYZER_NUMBER_OBJECT_CONVERSION = YES_AGGRESSIVE;
				CLANG_CXX_LANGUAGE_STANDARD = "gnu++14";
				CLANG_CXX_LIBRARY = "libc++";
				CLANG_ENABLE_MODULES = YES;
				CLANG_ENABLE_OBJC_ARC = YES;
				CLANG_ENABLE_OBJC_WEAK = YES;
				CLANG_WARN_BLOCK_CAPTURE_AUTORELEASING = YES;
				CLANG_WARN_BOOL_CONVERSION = YES;
				CLANG_WARN_COMMA = YES;
				CLANG_WARN_CONSTANT_CONVERSION = YES;
				CLANG_WARN_DEPRECATED_OBJC_IMPLEMENTATIONS = YES;
				CLANG_WARN_DIRECT_OBJC_ISA_USAGE = YES_ERROR;
				CLANG_WARN_DOCUMENTATION_COMMENTS = YES;
				CLANG_WARN_EMPTY_BODY = YES;
				CLANG_WARN_ENUM_CONVERSION = YES;
				CLANG_WARN_INFINITE_RECURSION = YES;
				CLANG_WARN_INT_CONVERSION = YES;
				CLANG_WARN_NON_LITERAL_NULL_CONVERSION = YES;
				CLANG_WARN_OBJC_IMPLICIT_RETAIN_SELF = YES;
				CLANG_WARN_OBJC_LITERAL_CONVERSION = YES;
				CLANG_WARN_OBJC_ROOT_CLASS = YES_ERROR;
				CLANG_WARN_RANGE_LOOP_ANALYSIS = YES;
				CLANG_WARN_STRICT_PROTOTYPES = YES;
				CLANG_WARN_SUSPICIOUS_MOVE = YES;
				CLANG_WARN_UNGUARDED_AVAILABILITY = YES_AGGRESSIVE;
				CLANG_WARN_UNREACHABLE_CODE = YES;
				CLANG_WARN__DUPLICATE_METHOD_MATCH = YES;
				CODE_SIGN_IDENTITY = "-";
				COPY_PHASE_STRIP = NO;
				DEBUG_INFORMATION_FORMAT = dwarf;
				ENABLE_STRICT_OBJC_MSGSEND = YES;
				ENABLE_TESTABILITY = YES;
				GCC_C_LANGUAGE_STANDARD = gnu11;
				GCC_DYNAMIC_NO_PIC = NO;
				GCC_NO_COMMON_BLOCKS = YES;
				GCC_OPTIMIZATION_LEVEL = 0;
				GCC_PREPROCESSOR_DEFINITIONS = (
					"DEBUG=1",
					"$(inherited)",
				);
				GCC_WARN_64_TO_32_BIT_CONVERSION = YES;
				GCC_WARN_ABOUT_RETURN_TYPE = YES_ERROR;
				GCC_WARN_UNDECLARED_SELECTOR = YES;
				GCC_WARN_UNINITIALIZED_AUTOS = YES_AGGRESSIVE;
				GCC_WARN_UNUSED_FUNCTION = YES;
				GCC_WARN_UNUSED_VARIABLE = YES;
				MACOSX_DEPLOYMENT_TARGET = 10.13;
				MTL_ENABLE_DEBUG_INFO = YES;
				ONLY_ACTIVE_ARCH = YES;
				SDKROOT = macosx;
			};
			name = Debug;
		};
		2A93712220BAACB5002ED4E5 /* Release */ = {
			isa = XCBuildConfiguration;
			buildSettings = {
				ALWAYS_SEARCH_USER_PATHS = NO;
				CLANG_ANALYZER_NONNULL = YES;
				CLANG_ANALYZER_NUMBER_OBJECT_CONVERSION = YES_AGGRESSIVE;
				CLANG_CXX_LANGUAGE_STANDARD = "gnu++14";
				CLANG_CXX_LIBRARY = "libc++";
				CLANG_ENABLE_MODULES = YES;
				CLANG_ENABLE_OBJC_ARC = YES;
				CLANG_ENABLE_OBJC_WEAK = YES;
				CLANG_WARN_BLOCK_CAPTURE_AUTORELEASING = YES;
				CLANG_WARN_BOOL_CONVERSION = YES;
				CLANG_WARN_COMMA = YES;
				CLANG_WARN_CONSTANT_CONVERSION = YES;
				CLANG_WARN_DEPRECATED_OBJC_IMPLEMENTATIONS = YES;
				CLANG_WARN_DIRECT_OBJC_ISA_USAGE = YES_ERROR;
				CLANG_WARN_DOCUMENTATION_COMMENTS = YES;
				CLANG_WARN_EMPTY_BODY = YES;
				CLANG_WARN_ENUM_CONVERSION = YES;
				CLANG_WARN_INFINITE_RECURSION = YES;
				CLANG_WARN_INT_CONVERSION = YES;
				CLANG_WARN_NON_LITERAL_NULL_CONVERSION = YES;
				CLANG_WARN_OBJC_IMPLICIT_RETAIN_SELF = YES;
				CLANG_WARN_OBJC_LITERAL_CONVERSION = YES;
				CLANG_WARN_OBJC_ROOT_CLASS = YES_ERROR;
				CLANG_WARN_RANGE_LOOP_ANALYSIS = YES;
				CLANG_WARN_STRICT_PROTOTYPES = YES;
				CLANG_WARN_SUSPICIOUS_MOVE = YES;
				CLANG_WARN_UNGUARDED_AVAILABILITY = YES_AGGRESSIVE;
				CLANG_WARN_UNREACHABLE_CODE = YES;
				CLANG_WARN__DUPLICATE_METHOD_MATCH = YES;
				CODE_SIGN_IDENTITY = "-";
				COPY_PHASE_STRIP = NO;
				DEBUG_INFORMATION_FORMAT = "dwarf-with-dsym";
				ENABLE_NS_ASSERTIONS = NO;
				ENABLE_STRICT_OBJC_MSGSEND = YES;
				GCC_C_LANGUAGE_STANDARD = gnu11;
				GCC_NO_COMMON_BLOCKS = YES;
				GCC_WARN_64_TO_32_BIT_CONVERSION = YES;
				GCC_WARN_ABOUT_RETURN_TYPE = YES_ERROR;
				GCC_WARN_UNDECLARED_SELECTOR = YES;
				GCC_WARN_UNINITIALIZED_AUTOS = YES_AGGRESSIVE;
				GCC_WARN_UNUSED_FUNCTION = YES;
				GCC_WARN_UNUSED_VARIABLE = YES;
				MACOSX_DEPLOYMENT_TARGET = 10.13;
				MTL_ENABLE_DEBUG_INFO = NO;
				SDKROOT = macosx;
			};
			name = Release;
		};
		2A93712420BAACB5002ED4E5 /* Debug */ = {
			isa = XCBuildConfiguration;
			buildSettings = {
				CODE_SIGN_STYLE = Automatic;
				MACOSX_DEPLOYMENT_TARGET = 10.13;
				PRODUCT_NAME = "$(TARGET_NAME)";
			};
			name = Debug;
		};
		2A93712520BAACB5002ED4E5 /* Release */ = {
			isa = XCBuildConfiguration;
			buildSettings = {
				CODE_SIGN_STYLE = Automatic;
				MACOSX_DEPLOYMENT_TARGET = 10.13;
				PRODUCT_NAME = "$(TARGET_NAME)";
			};
			name = Release;
		};
		2A93713020BAAD8F002ED4E5 /* Debug */ = {
			isa = XCBuildConfiguration;
			buildSettings = {
				CODE_SIGN_STYLE = Automatic;
				PRODUCT_NAME = "$(TARGET_NAME)";
			};
			name = Debug;
		};
		2A93713120BAAD8F002ED4E5 /* Release */ = {
			isa = XCBuildConfiguration;
			buildSettings = {
				CODE_SIGN_STYLE = Automatic;
				PRODUCT_NAME = "$(TARGET_NAME)";
			};
			name = Release;
		};
/* End XCBuildConfiguration section */

/* Begin XCConfigurationList section */
		2A2310AD20D9E61E00F65D8D /* Build configuration list for PBXNativeTarget "nWide" */ = {
			isa = XCConfigurationList;
			buildConfigurations = (
				2A2310AB20D9E61E00F65D8D /* Debug */,
				2A2310AC20D9E61E00F65D8D /* Release */,
			);
			defaultConfigurationIsVisible = 0;
			defaultConfigurationName = Release;
		};
		2A2310B620D9E67000F65D8D /* Build configuration list for PBXNativeTarget "proc" */ = {
			isa = XCConfigurationList;
			buildConfigurations = (
				2A2310B720D9E67000F65D8D /* Debug */,
				2A2310B820D9E67000F65D8D /* Release */,
			);
			defaultConfigurationIsVisible = 0;
			defaultConfigurationName = Release;
		};
		2A2310C120D9E6CC00F65D8D /* Build configuration list for PBXNativeTarget "readFile" */ = {
			isa = XCConfigurationList;
			buildConfigurations = (
				2A2310C220D9E6CC00F65D8D /* Debug */,
				2A2310C320D9E6CC00F65D8D /* Release */,
			);
			defaultConfigurationIsVisible = 0;
			defaultConfigurationName = Release;
		};
		2A2310CE20D9EA2000F65D8D /* Build configuration list for PBXNativeTarget "readFileF" */ = {
			isa = XCConfigurationList;
			buildConfigurations = (
				2A2310CF20D9EA2000F65D8D /* Debug */,
				2A2310D020D9EA2000F65D8D /* Release */,
			);
			defaultConfigurationIsVisible = 0;
			defaultConfigurationName = Release;
		};
		2A2310D920D9EA8400F65D8D /* Build configuration list for PBXNativeTarget "timers" */ = {
			isa = XCConfigurationList;
			buildConfigurations = (
				2A2310DA20D9EA8400F65D8D /* Debug */,
				2A2310DB20D9EA8400F65D8D /* Release */,
			);
			defaultConfigurationIsVisible = 0;
			defaultConfigurationName = Release;
		};
		2A93711720BAACB5002ED4E5 /* Build configuration list for PBXProject "Dispatch" */ = {
			isa = XCConfigurationList;
			buildConfigurations = (
				2A93712120BAACB5002ED4E5 /* Debug */,
				2A93712220BAACB5002ED4E5 /* Release */,
			);
			defaultConfigurationIsVisible = 0;
			defaultConfigurationName = Release;
		};
		2A93712320BAACB5002ED4E5 /* Build configuration list for PBXNativeTarget "apply" */ = {
			isa = XCConfigurationList;
			buildConfigurations = (
				2A93712420BAACB5002ED4E5 /* Debug */,
				2A93712520BAACB5002ED4E5 /* Release */,
			);
			defaultConfigurationIsVisible = 0;
			defaultConfigurationName = Release;
		};
		2A93712F20BAAD8F002ED4E5 /* Build configuration list for PBXNativeTarget "netcat" */ = {
			isa = XCConfigurationList;
			buildConfigurations = (
				2A93713020BAAD8F002ED4E5 /* Debug */,
				2A93713120BAAD8F002ED4E5 /* Release */,
			);
			defaultConfigurationIsVisible = 0;
			defaultConfigurationName = Release;
		};
/* End XCConfigurationList section */
	};
	rootObject = 2A93711420BAACB5002ED4E5 /* Project object */;
}
