// !$*UTF8*$!
{
	archiveVersion = 1;
	classes = {
	};
	objectVersion = 50;
	objects = {

/* Begin PBXBuildFile section */
		2A2A872720EE09EF00B2A96E /* NSObject+Test.m in Sources */ = {isa = PBXBuildFile; fileRef = 2A2A872620EE09EF00B2A96E /* NSObject+Test.m */; };
		2A80D5B3212ABDCF00865282 /* PieceMain.m in Sources */ = {isa = PBXBuildFile; fileRef = 2A80D5B2212ABDCF00865282 /* PieceMain.m */; };
/* End PBXBuildFile section */

/* Begin PBXCopyFilesBuildPhase section */
		2AE8412C20E48CB300807BB6 /* CopyFiles */ = {
			isa = PBXCopyFilesBuildPhase;
			buildActionMask = 2147483647;
			dstPath = /usr/share/man/man1/;
			dstSubfolderSpec = 0;
			files = (
			);
			runOnlyForDeploymentPostprocessing = 1;
		};
/* End PBXCopyFilesBuildPhase section */

/* Begin PBXFileReference section */
		2A09869C20EA17D40083CD95 /* msgMain.m */ = {isa = PBXFileReference; lastKnownFileType = sourcecode.c.objc; path = msgMain.m; sourceTree = "<group>"; };
		2A0986A420EB27880083CD95 /* xiaoxi.jpg */ = {isa = PBXFileReference; lastKnownFileType = image.jpeg; path = xiaoxi.jpg; sourceTree = "<group>"; };
		2A0986A620ECA3EF0083CD95 /* classMain.m */ = {isa = PBXFileReference; lastKnownFileType = sourcecode.c.objc; path = classMain.m; sourceTree = "<group>"; };
		2A2A871F20EDB8DA00B2A96E /* objc-method-after-realize-class.png */ = {isa = PBXFileReference; lastKnownFileType = image.png; path = "objc-method-after-realize-class.png"; sourceTree = "<group>"; };
		2A2A872020EDEEFE00B2A96E /* objc4-723.zip */ = {isa = PBXFileReference; lastKnownFileType = archive.zip; path = "objc4-723.zip"; sourceTree = "<group>"; };
		2A2A872120EDFD9900B2A96E /* objcMain.m */ = {isa = PBXFileReference; lastKnownFileType = sourcecode.c.objc; path = objcMain.m; sourceTree = "<group>"; };
		2A2A872320EE065B00B2A96E /* testMain.m */ = {isa = PBXFileReference; lastKnownFileType = sourcecode.c.objc; path = testMain.m; sourceTree = "<group>"; };
		2A2A872520EE09EF00B2A96E /* NSObject+Test.h */ = {isa = PBXFileReference; lastKnownFileType = sourcecode.c.h; path = "NSObject+Test.h"; sourceTree = "<group>"; };
		2A2A872620EE09EF00B2A96E /* NSObject+Test.m */ = {isa = PBXFileReference; lastKnownFileType = sourcecode.c.objc; path = "NSObject+Test.m"; sourceTree = "<group>"; };
		2A80D5B2212ABDCF00865282 /* PieceMain.m */ = {isa = PBXFileReference; lastKnownFileType = sourcecode.c.objc; path = PieceMain.m; sourceTree = "<group>"; };
		2AE8412E20E48CB300807BB6 /* ForRuntime */ = {isa = PBXFileReference; explicitFileType = "compiled.mach-o.executable"; includeInIndex = 0; path = ForRuntime; sourceTree = BUILT_PRODUCTS_DIR; };
		2AE8413120E48CB300807BB6 /* main.m */ = {isa = PBXFileReference; lastKnownFileType = sourcecode.c.objc; path = main.m; sourceTree = "<group>"; };
		2AE8413820E48CFD00807BB6 /* MyTestObject.h */ = {isa = PBXFileReference; lastKnownFileType = sourcecode.c.h; path = MyTestObject.h; sourceTree = "<group>"; };
		2AE8413920E48CFD00807BB6 /* MyTestObject.m */ = {isa = PBXFileReference; lastKnownFileType = sourcecode.c.objc; path = MyTestObject.m; sourceTree = "<group>"; };
		2AE8413B20E4BB1C00807BB6 /* otherMain.m */ = {isa = PBXFileReference; lastKnownFileType = sourcecode.c.objc; path = otherMain.m; sourceTree = "<group>"; };
		2AE8413D20E4BC4100807BB6 /* C++Main.cpp */ = {isa = PBXFileReference; lastKnownFileType = sourcecode.cpp.cpp; path = "C++Main.cpp"; sourceTree = "<group>"; };
		2AE8414120E4BFB100807BB6 /* OCMain.m */ = {isa = PBXFileReference; lastKnownFileType = sourcecode.c.objc; path = OCMain.m; sourceTree = "<group>"; };
		2AE8414320E5AFF400807BB6 /* OCMain.cpp */ = {isa = PBXFileReference; fileEncoding = 4; lastKnownFileType = sourcecode.cpp.cpp; path = OCMain.cpp; sourceTree = "<group>"; };
		2AE8414620E5B64700807BB6 /* huibian.png */ = {isa = PBXFileReference; lastKnownFileType = image.png; path = huibian.png; sourceTree = "<group>"; };
		2AE8415D20E61A0200807BB6 /* AnotherMain.m */ = {isa = PBXFileReference; lastKnownFileType = sourcecode.c.objc; path = AnotherMain.m; sourceTree = "<group>"; };
/* End PBXFileReference section */

/* Begin PBXFrameworksBuildPhase section */
		2AE8412B20E48CB300807BB6 /* Frameworks */ = {
			isa = PBXFrameworksBuildPhase;
			buildActionMask = 2147483647;
			files = (
			);
			runOnlyForDeploymentPostprocessing = 0;
		};
/* End PBXFrameworksBuildPhase section */

/* Begin PBXGroup section */
		2AE8412520E48CB300807BB6 = {
			isa = PBXGroup;
			children = (
				2AE8413020E48CB300807BB6 /* ForRuntime */,
				2AE8412F20E48CB300807BB6 /* Products */,
			);
			sourceTree = "<group>";
		};
		2AE8412F20E48CB300807BB6 /* Products */ = {
			isa = PBXGroup;
			children = (
				2AE8412E20E48CB300807BB6 /* ForRuntime */,
			);
			name = Products;
			sourceTree = "<group>";
		};
		2AE8413020E48CB300807BB6 /* ForRuntime */ = {
			isa = PBXGroup;
			children = (
				2AE8413120E48CB300807BB6 /* main.m */,
				2A80D5B2212ABDCF00865282 /* PieceMain.m */,
				2A0986A420EB27880083CD95 /* xiaoxi.jpg */,
				2AE8414620E5B64700807BB6 /* huibian.png */,
				2AE8413B20E4BB1C00807BB6 /* otherMain.m */,
				2AE8415D20E61A0200807BB6 /* AnotherMain.m */,
				2A09869C20EA17D40083CD95 /* msgMain.m */,
				2A0986A620ECA3EF0083CD95 /* classMain.m */,
				2A2A872120EDFD9900B2A96E /* objcMain.m */,
				2A2A872520EE09EF00B2A96E /* NSObject+Test.h */,
				2A2A872620EE09EF00B2A96E /* NSObject+Test.m */,
				2A2A872320EE065B00B2A96E /* testMain.m */,
				2A2A872020EDEEFE00B2A96E /* objc4-723.zip */,
				2A2A871F20EDB8DA00B2A96E /* objc-method-after-realize-class.png */,
				2AE8414120E4BFB100807BB6 /* OCMain.m */,
				2AE8414320E5AFF400807BB6 /* OCMain.cpp */,
				2AE8413D20E4BC4100807BB6 /* C++Main.cpp */,
				2AE8413820E48CFD00807BB6 /* MyTestObject.h */,
				2AE8413920E48CFD00807BB6 /* MyTestObject.m */,
			);
			path = ForRuntime;
			sourceTree = "<group>";
		};
/* End PBXGroup section */

/* Begin PBXNativeTarget section */
		2AE8412D20E48CB300807BB6 /* ForRuntime */ = {
			isa = PBXNativeTarget;
			buildConfigurationList = 2AE8413520E48CB300807BB6 /* Build configuration list for PBXNativeTarget "ForRuntime" */;
			buildPhases = (
				2AE8412A20E48CB300807BB6 /* Sources */,
				2AE8412B20E48CB300807BB6 /* Frameworks */,
				2AE8412C20E48CB300807BB6 /* CopyFiles */,
			);
			buildRules = (
			);
			dependencies = (
			);
			name = ForRuntime;
			productName = ForRuntime;
			productReference = 2AE8412E20E48CB300807BB6 /* ForRuntime */;
			productType = "com.apple.product-type.tool";
		};
/* End PBXNativeTarget section */

/* Begin PBXProject section */
		2AE8412620E48CB300807BB6 /* Project object */ = {
			isa = PBXProject;
			attributes = {
				LastUpgradeCheck = 0940;
				ORGANIZATIONNAME = DHSD;
				TargetAttributes = {
					2AE8412D20E48CB300807BB6 = {
						CreatedOnToolsVersion = 9.4.1;
					};
				};
			};
			buildConfigurationList = 2AE8412920E48CB300807BB6 /* Build configuration list for PBXProject "ForRuntime" */;
			compatibilityVersion = "Xcode 9.3";
			developmentRegion = en;
			hasScannedForEncodings = 0;
			knownRegions = (
				en,
			);
			mainGroup = 2AE8412520E48CB300807BB6;
			productRefGroup = 2AE8412F20E48CB300807BB6 /* Products */;
			projectDirPath = "";
			projectRoot = "";
			targets = (
				2AE8412D20E48CB300807BB6 /* ForRuntime */,
			);
		};
/* End PBXProject section */

/* Begin PBXSourcesBuildPhase section */
		2AE8412A20E48CB300807BB6 /* Sources */ = {
			isa = PBXSourcesBuildPhase;
			buildActionMask = 2147483647;
			files = (
				2A80D5B3212ABDCF00865282 /* PieceMain.m in Sources */,
				2A2A872720EE09EF00B2A96E /* NSObject+Test.m in Sources */,
			);
			runOnlyForDeploymentPostprocessing = 0;
		};
/* End PBXSourcesBuildPhase section */

/* Begin XCBuildConfiguration section */
		2AE8413320E48CB300807BB6 /* Debug */ = {
			isa = XCBuildConfiguration;
			buildSettings = {
				ALWAYS_SEARCH_USER_PATHS = NO;
				CLANG_ANALYZER_NONNULL = YES;
				CLANG_ANALYZER_NUMBER_OBJECT_CONVERSION = YES_AGGRESSIVE;
				CLANG_CXX_LANGUAGE_STANDARD = "gnu++14";
				CLANG_CXX_LIBRARY = "libc++";
				CLANG_ENABLE_MODULES = YES;
				CLANG_ENABLE_OBJC_ARC = YES;
				CLANG_ENABLE_OBJC_WEAK = YES;
				CLANG_WARN_BLOCK_CAPTURE_AUTORELEASING = YES;
				CLANG_WARN_BOOL_CONVERSION = YES;
				CLANG_WARN_COMMA = YES;
				CLANG_WARN_CONSTANT_CONVERSION = YES;
				CLANG_WARN_DEPRECATED_OBJC_IMPLEMENTATIONS = YES;
				CLANG_WARN_DIRECT_OBJC_ISA_USAGE = YES_ERROR;
				CLANG_WARN_DOCUMENTATION_COMMENTS = YES;
				CLANG_WARN_EMPTY_BODY = YES;
				CLANG_WARN_ENUM_CONVERSION = YES;
				CLANG_WARN_INFINITE_RECURSION = YES;
				CLANG_WARN_INT_CONVERSION = YES;
				CLANG_WARN_NON_LITERAL_NULL_CONVERSION = YES;
				CLANG_WARN_OBJC_IMPLICIT_RETAIN_SELF = YES;
				CLANG_WARN_OBJC_LITERAL_CONVERSION = YES;
				CLANG_WARN_OBJC_ROOT_CLASS = YES_ERROR;
				CLANG_WARN_RANGE_LOOP_ANALYSIS = YES;
				CLANG_WARN_STRICT_PROTOTYPES = YES;
				CLANG_WARN_SUSPICIOUS_MOVE = YES;
				CLANG_WARN_UNGUARDED_AVAILABILITY = YES_AGGRESSIVE;
				CLANG_WARN_UNREACHABLE_CODE = YES;
				CLANG_WARN__DUPLICATE_METHOD_MATCH = YES;
				CODE_SIGN_IDENTITY = "-";
				COPY_PHASE_STRIP = NO;
				DEBUG_INFORMATION_FORMAT = dwarf;
				ENABLE_STRICT_OBJC_MSGSEND = YES;
				ENABLE_TESTABILITY = YES;
				GCC_C_LANGUAGE_STANDARD = gnu11;
				GCC_DYNAMIC_NO_PIC = NO;
				GCC_NO_COMMON_BLOCKS = YES;
				GCC_OPTIMIZATION_LEVEL = 0;
				GCC_PREPROCESSOR_DEFINITIONS = (
					"DEBUG=1",
					"$(inherited)",
				);
				GCC_WARN_64_TO_32_BIT_CONVERSION = YES;
				GCC_WARN_ABOUT_RETURN_TYPE = YES_ERROR;
				GCC_WARN_UNDECLARED_SELECTOR = YES;
				GCC_WARN_UNINITIALIZED_AUTOS = YES_AGGRESSIVE;
				GCC_WARN_UNUSED_FUNCTION = YES;
				GCC_WARN_UNUSED_VARIABLE = YES;
				MACOSX_DEPLOYMENT_TARGET = 10.13;
				MTL_ENABLE_DEBUG_INFO = YES;
				ONLY_ACTIVE_ARCH = YES;
				SDKROOT = macosx;
			};
			name = Debug;
		};
		2AE8413420E48CB300807BB6 /* Release */ = {
			isa = XCBuildConfiguration;
			buildSettings = {
				ALWAYS_SEARCH_USER_PATHS = NO;
				CLANG_ANALYZER_NONNULL = YES;
				CLANG_ANALYZER_NUMBER_OBJECT_CONVERSION = YES_AGGRESSIVE;
				CLANG_CXX_LANGUAGE_STANDARD = "gnu++14";
				CLANG_CXX_LIBRARY = "libc++";
				CLANG_ENABLE_MODULES = YES;
				CLANG_ENABLE_OBJC_ARC = YES;
				CLANG_ENABLE_OBJC_WEAK = YES;
				CLANG_WARN_BLOCK_CAPTURE_AUTORELEASING = YES;
				CLANG_WARN_BOOL_CONVERSION = YES;
				CLANG_WARN_COMMA = YES;
				CLANG_WARN_CONSTANT_CONVERSION = YES;
				CLANG_WARN_DEPRECATED_OBJC_IMPLEMENTATIONS = YES;
				CLANG_WARN_DIRECT_OBJC_ISA_USAGE = YES_ERROR;
				CLANG_WARN_DOCUMENTATION_COMMENTS = YES;
				CLANG_WARN_EMPTY_BODY = YES;
				CLANG_WARN_ENUM_CONVERSION = YES;
				CLANG_WARN_INFINITE_RECURSION = YES;
				CLANG_WARN_INT_CONVERSION = YES;
				CLANG_WARN_NON_LITERAL_NULL_CONVERSION = YES;
				CLANG_WARN_OBJC_IMPLICIT_RETAIN_SELF = YES;
				CLANG_WARN_OBJC_LITERAL_CONVERSION = YES;
				CLANG_WARN_OBJC_ROOT_CLASS = YES_ERROR;
				CLANG_WARN_RANGE_LOOP_ANALYSIS = YES;
				CLANG_WARN_STRICT_PROTOTYPES = YES;
				CLANG_WARN_SUSPICIOUS_MOVE = YES;
				CLANG_WARN_UNGUARDED_AVAILABILITY = YES_AGGRESSIVE;
				CLANG_WARN_UNREACHABLE_CODE = YES;
				CLANG_WARN__DUPLICATE_METHOD_MATCH = YES;
				CODE_SIGN_IDENTITY = "-";
				COPY_PHASE_STRIP = NO;
				DEBUG_INFORMATION_FORMAT = "dwarf-with-dsym";
				ENABLE_NS_ASSERTIONS = NO;
				ENABLE_STRICT_OBJC_MSGSEND = YES;
				GCC_C_LANGUAGE_STANDARD = gnu11;
				GCC_NO_COMMON_BLOCKS = YES;
				GCC_WARN_64_TO_32_BIT_CONVERSION = YES;
				GCC_WARN_ABOUT_RETURN_TYPE = YES_ERROR;
				GCC_WARN_UNDECLARED_SELECTOR = YES;
				GCC_WARN_UNINITIALIZED_AUTOS = YES_AGGRESSIVE;
				GCC_WARN_UNUSED_FUNCTION = YES;
				GCC_WARN_UNUSED_VARIABLE = YES;
				MACOSX_DEPLOYMENT_TARGET = 10.13;
				MTL_ENABLE_DEBUG_INFO = NO;
				SDKROOT = macosx;
			};
			name = Release;
		};
		2AE8413620E48CB300807BB6 /* Debug */ = {
			isa = XCBuildConfiguration;
			buildSettings = {
				CLANG_ENABLE_OBJC_ARC = NO;
				CODE_SIGN_STYLE = Automatic;
				ENABLE_STRICT_OBJC_MSGSEND = NO;
				PRODUCT_NAME = "$(TARGET_NAME)";
			};
			name = Debug;
		};
		2AE8413720E48CB300807BB6 /* Release */ = {
			isa = XCBuildConfiguration;
			buildSettings = {
				CLANG_ENABLE_OBJC_ARC = NO;
				CODE_SIGN_STYLE = Automatic;
				ENABLE_STRICT_OBJC_MSGSEND = NO;
				PRODUCT_NAME = "$(TARGET_NAME)";
			};
			name = Release;
		};
/* End XCBuildConfiguration section */

/* Begin XCConfigurationList section */
		2AE8412920E48CB300807BB6 /* Build configuration list for PBXProject "ForRuntime" */ = {
			isa = XCConfigurationList;
			buildConfigurations = (
				2AE8413320E48CB300807BB6 /* Debug */,
				2AE8413420E48CB300807BB6 /* Release */,
			);
			defaultConfigurationIsVisible = 0;
			defaultConfigurationName = Release;
		};
		2AE8413520E48CB300807BB6 /* Build configuration list for PBXNativeTarget "ForRuntime" */ = {
			isa = XCConfigurationList;
			buildConfigurations = (
				2AE8413620E48CB300807BB6 /* Debug */,
				2AE8413720E48CB300807BB6 /* Release */,
			);
			defaultConfigurationIsVisible = 0;
			defaultConfigurationName = Release;
		};
/* End XCConfigurationList section */
	};
	rootObject = 2AE8412620E48CB300807BB6 /* Project object */;
}
