// !$*UTF8*$!
{
	archiveVersion = 1;
	classes = {
	};
	objectVersion = 50;
	objects = {

/* Begin PBXBuildFile section */
		AB43C4EE20B3B6E0003DACEF /* AppDelegate.m in Sources */ = {isa = PBXBuildFile; fileRef = AB43C4ED20B3B6E0003DACEF /* AppDelegate.m */; };
		AB43C4F120B3B6E0003DACEF /* ViewController.m in Sources */ = {isa = PBXBuildFile; fileRef = AB43C4F020B3B6E0003DACEF /* ViewController.m */; };
		AB43C4F420B3B6E0003DACEF /* Main.storyboard in Resources */ = {isa = PBXBuildFile; fileRef = AB43C4F220B3B6E0003DACEF /* Main.storyboard */; };
		AB43C4F620B3B6E7003DACEF /* Assets.xcassets in Resources */ = {isa = PBXBuildFile; fileRef = AB43C4F520B3B6E7003DACEF /* Assets.xcassets */; };
		AB43C4F920B3B6E7003DACEF /* LaunchScreen.storyboard in Resources */ = {isa = PBXBuildFile; fileRef = AB43C4F720B3B6E7003DACEF /* LaunchScreen.storyboard */; };
		AB43C4FC20B3B6E7003DACEF /* main.m in Sources */ = {isa = PBXBuildFile; fileRef = AB43C4FB20B3B6E7003DACEF /* main.m */; };
		AB43C50420B3B774003DACEF /* NSObject+Common.m in Sources */ = {isa = PBXBuildFile; fileRef = AB43C50320B3B774003DACEF /* NSObject+Common.m */; };
/* End PBXBuildFile section */

/* Begin PBXFileReference section */
		2A82181E20F4A3B1008390ED /* NSObject+Common.cpp */ = {isa = PBXFileReference; fileEncoding = 4; lastKnownFileType = sourcecode.cpp.cpp; path = "NSObject+Common.cpp"; sourceTree = "<group>"; };
		AB43C4E920B3B6E0003DACEF /* CEP.app */ = {isa = PBXFileReference; explicitFileType = wrapper.application; includeInIndex = 0; path = CEP.app; sourceTree = BUILT_PRODUCTS_DIR; };
		AB43C4EC20B3B6E0003DACEF /* AppDelegate.h */ = {isa = PBXFileReference; lastKnownFileType = sourcecode.c.h; path = AppDelegate.h; sourceTree = "<group>"; };
		AB43C4ED20B3B6E0003DACEF /* AppDelegate.m */ = {isa = PBXFileReference; lastKnownFileType = sourcecode.c.objc; path = AppDelegate.m; sourceTree = "<group>"; };
		AB43C4EF20B3B6E0003DACEF /* ViewController.h */ = {isa = PBXFileReference; lastKnownFileType = sourcecode.c.h; path = ViewController.h; sourceTree = "<group>"; };
		AB43C4F020B3B6E0003DACEF /* ViewController.m */ = {isa = PBXFileReference; lastKnownFileType = sourcecode.c.objc; path = ViewController.m; sourceTree = "<group>"; };
		AB43C4F320B3B6E0003DACEF /* Base */ = {isa = PBXFileReference; lastKnownFileType = file.storyboard; name = Base; path = Base.lproj/Main.storyboard; sourceTree = "<group>"; };
		AB43C4F520B3B6E7003DACEF /* Assets.xcassets */ = {isa = PBXFileReference; lastKnownFileType = folder.assetcatalog; path = Assets.xcassets; sourceTree = "<group>"; };
		AB43C4F820B3B6E7003DACEF /* Base */ = {isa = PBXFileReference; lastKnownFileType = file.storyboard; name = Base; path = Base.lproj/LaunchScreen.storyboard; sourceTree = "<group>"; };
		AB43C4FA20B3B6E7003DACEF /* Info.plist */ = {isa = PBXFileReference; lastKnownFileType = text.plist.xml; path = Info.plist; sourceTree = "<group>"; };
		AB43C4FB20B3B6E7003DACEF /* main.m */ = {isa = PBXFileReference; lastKnownFileType = sourcecode.c.objc; path = main.m; sourceTree = "<group>"; };
		AB43C50220B3B774003DACEF /* NSObject+Common.h */ = {isa = PBXFileReference; lastKnownFileType = sourcecode.c.h; path = "NSObject+Common.h"; sourceTree = "<group>"; };
		AB43C50320B3B774003DACEF /* NSObject+Common.m */ = {isa = PBXFileReference; lastKnownFileType = sourcecode.c.objc; path = "NSObject+Common.m"; sourceTree = "<group>"; };
		AB43C50520B3B7E5003DACEF /* Common.h */ = {isa = PBXFileReference; lastKnownFileType = sourcecode.c.h; path = Common.h; sourceTree = "<group>"; };
/* End PBXFileReference section */

/* Begin PBXFrameworksBuildPhase section */
		AB43C4E620B3B6E0003DACEF /* Frameworks */ = {
			isa = PBXFrameworksBuildPhase;
			buildActionMask = 2147483647;
			files = (
			);
			runOnlyForDeploymentPostprocessing = 0;
		};
/* End PBXFrameworksBuildPhase section */

/* Begin PBXGroup section */
		AB43C4E020B3B6E0003DACEF = {
			isa = PBXGroup;
			children = (
				AB43C4EB20B3B6E0003DACEF /* CEP */,
				AB43C4EA20B3B6E0003DACEF /* Products */,
			);
			sourceTree = "<group>";
		};
		AB43C4EA20B3B6E0003DACEF /* Products */ = {
			isa = PBXGroup;
			children = (
				AB43C4E920B3B6E0003DACEF /* CEP.app */,
			);
			name = Products;
			sourceTree = "<group>";
		};
		AB43C4EB20B3B6E0003DACEF /* CEP */ = {
			isa = PBXGroup;
			children = (
				AB43C4EC20B3B6E0003DACEF /* AppDelegate.h */,
				AB43C4ED20B3B6E0003DACEF /* AppDelegate.m */,
				AB43C4EF20B3B6E0003DACEF /* ViewController.h */,
				AB43C4F020B3B6E0003DACEF /* ViewController.m */,
				AB43C50220B3B774003DACEF /* NSObject+Common.h */,
				AB43C50320B3B774003DACEF /* NSObject+Common.m */,
				2A82181E20F4A3B1008390ED /* NSObject+Common.cpp */,
				AB43C50520B3B7E5003DACEF /* Common.h */,
				AB43C4F220B3B6E0003DACEF /* Main.storyboard */,
				AB43C4F520B3B6E7003DACEF /* Assets.xcassets */,
				AB43C4F720B3B6E7003DACEF /* LaunchScreen.storyboard */,
				AB43C4FA20B3B6E7003DACEF /* Info.plist */,
				AB43C4FB20B3B6E7003DACEF /* main.m */,
			);
			path = CEP;
			sourceTree = "<group>";
		};
/* End PBXGroup section */

/* Begin PBXNativeTarget section */
		AB43C4E820B3B6E0003DACEF /* CEP */ = {
			isa = PBXNativeTarget;
			buildConfigurationList = AB43C4FF20B3B6E7003DACEF /* Build configuration list for PBXNativeTarget "CEP" */;
			buildPhases = (
				AB43C4E520B3B6E0003DACEF /* Sources */,
				AB43C4E620B3B6E0003DACEF /* Frameworks */,
				AB43C4E720B3B6E0003DACEF /* Resources */,
			);
			buildRules = (
			);
			dependencies = (
			);
			name = CEP;
			productName = CEP;
			productReference = AB43C4E920B3B6E0003DACEF /* CEP.app */;
			productType = "com.apple.product-type.application";
		};
/* End PBXNativeTarget section */

/* Begin PBXProject section */
		AB43C4E120B3B6E0003DACEF /* Project object */ = {
			isa = PBXProject;
			attributes = {
				LastUpgradeCheck = 0930;
				ORGANIZATIONNAME = DHSD;
				TargetAttributes = {
					AB43C4E820B3B6E0003DACEF = {
						CreatedOnToolsVersion = 9.3.1;
					};
				};
			};
			buildConfigurationList = AB43C4E420B3B6E0003DACEF /* Build configuration list for PBXProject "CEP" */;
			compatibilityVersion = "Xcode 9.3";
			developmentRegion = en;
			hasScannedForEncodings = 0;
			knownRegions = (
				en,
				Base,
			);
			mainGroup = AB43C4E020B3B6E0003DACEF;
			productRefGroup = AB43C4EA20B3B6E0003DACEF /* Products */;
			projectDirPath = "";
			projectRoot = "";
			targets = (
				AB43C4E820B3B6E0003DACEF /* CEP */,
			);
		};
/* End PBXProject section */

/* Begin PBXResourcesBuildPhase section */
		AB43C4E720B3B6E0003DACEF /* Resources */ = {
			isa = PBXResourcesBuildPhase;
			buildActionMask = 2147483647;
			files = (
				AB43C4F920B3B6E7003DACEF /* LaunchScreen.storyboard in Resources */,
				AB43C4F620B3B6E7003DACEF /* Assets.xcassets in Resources */,
				AB43C4F420B3B6E0003DACEF /* Main.storyboard in Resources */,
			);
			runOnlyForDeploymentPostprocessing = 0;
		};
/* End PBXResourcesBuildPhase section */

/* Begin PBXSourcesBuildPhase section */
		AB43C4E520B3B6E0003DACEF /* Sources */ = {
			isa = PBXSourcesBuildPhase;
			buildActionMask = 2147483647;
			files = (
				AB43C50420B3B774003DACEF /* NSObject+Common.m in Sources */,
				AB43C4F120B3B6E0003DACEF /* ViewController.m in Sources */,
				AB43C4FC20B3B6E7003DACEF /* main.m in Sources */,
				AB43C4EE20B3B6E0003DACEF /* AppDelegate.m in Sources */,
			);
			runOnlyForDeploymentPostprocessing = 0;
		};
/* End PBXSourcesBuildPhase section */

/* Begin PBXVariantGroup section */
		AB43C4F220B3B6E0003DACEF /* Main.storyboard */ = {
			isa = PBXVariantGroup;
			children = (
				AB43C4F320B3B6E0003DACEF /* Base */,
			);
			name = Main.storyboard;
			sourceTree = "<group>";
		};
		AB43C4F720B3B6E7003DACEF /* LaunchScreen.storyboard */ = {
			isa = PBXVariantGroup;
			children = (
				AB43C4F820B3B6E7003DACEF /* Base */,
			);
			name = LaunchScreen.storyboard;
			sourceTree = "<group>";
		};
/* End PBXVariantGroup section */

/* Begin XCBuildConfiguration section */
		AB43C4FD20B3B6E7003DACEF /* Debug */ = {
			isa = XCBuildConfiguration;
			buildSettings = {
				ALWAYS_SEARCH_USER_PATHS = NO;
				CLANG_ANALYZER_NONNULL = YES;
				CLANG_ANALYZER_NUMBER_OBJECT_CONVERSION = YES_AGGRESSIVE;
				CLANG_CXX_LANGUAGE_STANDARD = "gnu++14";
				CLANG_CXX_LIBRARY = "libc++";
				CLANG_ENABLE_MODULES = YES;
				CLANG_ENABLE_OBJC_ARC = YES;
				CLANG_ENABLE_OBJC_WEAK = YES;
				CLANG_WARN_BLOCK_CAPTURE_AUTORELEASING = YES;
				CLANG_WARN_BOOL_CONVERSION = YES;
				CLANG_WARN_COMMA = YES;
				CLANG_WARN_CONSTANT_CONVERSION = YES;
				CLANG_WARN_DEPRECATED_OBJC_IMPLEMENTATIONS = YES;
				CLANG_WARN_DIRECT_OBJC_ISA_USAGE = YES_ERROR;
				CLANG_WARN_DOCUMENTATION_COMMENTS = YES;
				CLANG_WARN_EMPTY_BODY = YES;
				CLANG_WARN_ENUM_CONVERSION = YES;
				CLANG_WARN_INFINITE_RECURSION = YES;
				CLANG_WARN_INT_CONVERSION = YES;
				CLANG_WARN_NON_LITERAL_NULL_CONVERSION = YES;
				CLANG_WARN_OBJC_IMPLICIT_RETAIN_SELF = YES;
				CLANG_WARN_OBJC_LITERAL_CONVERSION = YES;
				CLANG_WARN_OBJC_ROOT_CLASS = YES_ERROR;
				CLANG_WARN_RANGE_LOOP_ANALYSIS = YES;
				CLANG_WARN_STRICT_PROTOTYPES = YES;
				CLANG_WARN_SUSPICIOUS_MOVE = YES;
				CLANG_WARN_UNGUARDED_AVAILABILITY = YES_AGGRESSIVE;
				CLANG_WARN_UNREACHABLE_CODE = YES;
				CLANG_WARN__DUPLICATE_METHOD_MATCH = YES;
				CODE_SIGN_IDENTITY = "iPhone Developer";
				COPY_PHASE_STRIP = NO;
				DEBUG_INFORMATION_FORMAT = dwarf;
				ENABLE_STRICT_OBJC_MSGSEND = YES;
				ENABLE_TESTABILITY = YES;
				GCC_C_LANGUAGE_STANDARD = gnu11;
				GCC_DYNAMIC_NO_PIC = NO;
				GCC_NO_COMMON_BLOCKS = YES;
				GCC_OPTIMIZATION_LEVEL = 0;
				GCC_PREPROCESSOR_DEFINITIONS = (
					"DEBUG=1",
					"$(inherited)",
				);
				GCC_WARN_64_TO_32_BIT_CONVERSION = YES;
				GCC_WARN_ABOUT_RETURN_TYPE = YES_ERROR;
				GCC_WARN_UNDECLARED_SELECTOR = YES;
				GCC_WARN_UNINITIALIZED_AUTOS = YES_AGGRESSIVE;
				GCC_WARN_UNUSED_FUNCTION = YES;
				GCC_WARN_UNUSED_VARIABLE = YES;
				IPHONEOS_DEPLOYMENT_TARGET = 11.3;
				MTL_ENABLE_DEBUG_INFO = YES;
				ONLY_ACTIVE_ARCH = YES;
				SDKROOT = iphoneos;
			};
			name = Debug;
		};
		AB43C4FE20B3B6E7003DACEF /* Release */ = {
			isa = XCBuildConfiguration;
			buildSettings = {
				ALWAYS_SEARCH_USER_PATHS = NO;
				CLANG_ANALYZER_NONNULL = YES;
				CLANG_ANALYZER_NUMBER_OBJECT_CONVERSION = YES_AGGRESSIVE;
				CLANG_CXX_LANGUAGE_STANDARD = "gnu++14";
				CLANG_CXX_LIBRARY = "libc++";
				CLANG_ENABLE_MODULES = YES;
				CLANG_ENABLE_OBJC_ARC = YES;
				CLANG_ENABLE_OBJC_WEAK = YES;
				CLANG_WARN_BLOCK_CAPTURE_AUTORELEASING = YES;
				CLANG_WARN_BOOL_CONVERSION = YES;
				CLANG_WARN_COMMA = YES;
				CLANG_WARN_CONSTANT_CONVERSION = YES;
				CLANG_WARN_DEPRECATED_OBJC_IMPLEMENTATIONS = YES;
				CLANG_WARN_DIRECT_OBJC_ISA_USAGE = YES_ERROR;
				CLANG_WARN_DOCUMENTATION_COMMENTS = YES;
				CLANG_WARN_EMPTY_BODY = YES;
				CLANG_WARN_ENUM_CONVERSION = YES;
				CLANG_WARN_INFINITE_RECURSION = YES;
				CLANG_WARN_INT_CONVERSION = YES;
				CLANG_WARN_NON_LITERAL_NULL_CONVERSION = YES;
				CLANG_WARN_OBJC_IMPLICIT_RETAIN_SELF = YES;
				CLANG_WARN_OBJC_LITERAL_CONVERSION = YES;
				CLANG_WARN_OBJC_ROOT_CLASS = YES_ERROR;
				CLANG_WARN_RANGE_LOOP_ANALYSIS = YES;
				CLANG_WARN_STRICT_PROTOTYPES = YES;
				CLANG_WARN_SUSPICIOUS_MOVE = YES;
				CLANG_WARN_UNGUARDED_AVAILABILITY = YES_AGGRESSIVE;
				CLANG_WARN_UNREACHABLE_CODE = YES;
				CLANG_WARN__DUPLICATE_METHOD_MATCH = YES;
				CODE_SIGN_IDENTITY = "iPhone Developer";
				COPY_PHASE_STRIP = NO;
				DEBUG_INFORMATION_FORMAT = "dwarf-with-dsym";
				ENABLE_NS_ASSERTIONS = NO;
				ENABLE_STRICT_OBJC_MSGSEND = YES;
				GCC_C_LANGUAGE_STANDARD = gnu11;
				GCC_NO_COMMON_BLOCKS = YES;
				GCC_WARN_64_TO_32_BIT_CONVERSION = YES;
				GCC_WARN_ABOUT_RETURN_TYPE = YES_ERROR;
				GCC_WARN_UNDECLARED_SELECTOR = YES;
				GCC_WARN_UNINITIALIZED_AUTOS = YES_AGGRESSIVE;
				GCC_WARN_UNUSED_FUNCTION = YES;
				GCC_WARN_UNUSED_VARIABLE = YES;
				IPHONEOS_DEPLOYMENT_TARGET = 11.3;
				MTL_ENABLE_DEBUG_INFO = NO;
				SDKROOT = iphoneos;
				VALIDATE_PRODUCT = YES;
			};
			name = Release;
		};
		AB43C50020B3B6E7003DACEF /* Debug */ = {
			isa = XCBuildConfiguration;
			buildSettings = {
				ASSETCATALOG_COMPILER_APPICON_NAME = AppIcon;
				CODE_SIGN_STYLE = Automatic;
				INFOPLIST_FILE = CEP/Info.plist;
				LD_RUNPATH_SEARCH_PATHS = (
					"$(inherited)",
					"@executable_path/Frameworks",
				);
				PRODUCT_BUNDLE_IDENTIFIER = com.DHSD.CEP;
				PRODUCT_NAME = "$(TARGET_NAME)";
				TARGETED_DEVICE_FAMILY = "1,2";
			};
			name = Debug;
		};
		AB43C50120B3B6E7003DACEF /* Release */ = {
			isa = XCBuildConfiguration;
			buildSettings = {
				ASSETCATALOG_COMPILER_APPICON_NAME = AppIcon;
				CODE_SIGN_STYLE = Automatic;
				INFOPLIST_FILE = CEP/Info.plist;
				LD_RUNPATH_SEARCH_PATHS = (
					"$(inherited)",
					"@executable_path/Frameworks",
				);
				PRODUCT_BUNDLE_IDENTIFIER = com.DHSD.CEP;
				PRODUCT_NAME = "$(TARGET_NAME)";
				TARGETED_DEVICE_FAMILY = "1,2";
			};
			name = Release;
		};
/* End XCBuildConfiguration section */

/* Begin XCConfigurationList section */
		AB43C4E420B3B6E0003DACEF /* Build configuration list for PBXProject "CEP" */ = {
			isa = XCConfigurationList;
			buildConfigurations = (
				AB43C4FD20B3B6E7003DACEF /* Debug */,
				AB43C4FE20B3B6E7003DACEF /* Release */,
			);
			defaultConfigurationIsVisible = 0;
			defaultConfigurationName = Release;
		};
		AB43C4FF20B3B6E7003DACEF /* Build configuration list for PBXNativeTarget "CEP" */ = {
			isa = XCConfigurationList;
			buildConfigurations = (
				AB43C50020B3B6E7003DACEF /* Debug */,
				AB43C50120B3B6E7003DACEF /* Release */,
			);
			defaultConfigurationIsVisible = 0;
			defaultConfigurationName = Release;
		};
/* End XCConfigurationList section */
	};
	rootObject = AB43C4E120B3B6E0003DACEF /* Project object */;
}
