// !$*UTF8*$!
{
	archiveVersion = 1;
	classes = {
	};
	objectVersion = 50;
	objects = {

/* Begin PBXBuildFile section */
		2ABBFAA822C44BD500EDD62E /* AppDelegate.m in Sources */ = {isa = PBXBuildFile; fileRef = 2ABBFAA722C44BD500EDD62E /* AppDelegate.m */; };
		2ABBFAAB22C44BD500EDD62E /* ViewController.m in Sources */ = {isa = PBXBuildFile; fileRef = 2ABBFAAA22C44BD500EDD62E /* ViewController.m */; };
		2ABBFAAE22C44BD500EDD62E /* Main.storyboard in Resources */ = {isa = PBXBuildFile; fileRef = 2ABBFAAC22C44BD500EDD62E /* Main.storyboard */; };
		2ABBFAB022C44BD700EDD62E /* Assets.xcassets in Resources */ = {isa = PBXBuildFile; fileRef = 2ABBFAAF22C44BD700EDD62E /* Assets.xcassets */; };
		2ABBFAB322C44BD700EDD62E /* LaunchScreen.storyboard in Resources */ = {isa = PBXBuildFile; fileRef = 2ABBFAB122C44BD700EDD62E /* LaunchScreen.storyboard */; };
		2ABBFAB622C44BD700EDD62E /* main.m in Sources */ = {isa = PBXBuildFile; fileRef = 2ABBFAB522C44BD700EDD62E /* main.m */; };
		2ABBFABE22C44FD200EDD62E /* TestLock.m in Sources */ = {isa = PBXBuildFile; fileRef = 2ABBFABD22C44FD200EDD62E /* TestLock.m */; };
/* End PBXBuildFile section */

/* Begin PBXFileReference section */
		2ABBFAA322C44BD500EDD62E /* AboutLock.app */ = {isa = PBXFileReference; explicitFileType = wrapper.application; includeInIndex = 0; path = AboutLock.app; sourceTree = BUILT_PRODUCTS_DIR; };
		2ABBFAA622C44BD500EDD62E /* AppDelegate.h */ = {isa = PBXFileReference; lastKnownFileType = sourcecode.c.h; path = AppDelegate.h; sourceTree = "<group>"; };
		2ABBFAA722C44BD500EDD62E /* AppDelegate.m */ = {isa = PBXFileReference; lastKnownFileType = sourcecode.c.objc; path = AppDelegate.m; sourceTree = "<group>"; };
		2ABBFAA922C44BD500EDD62E /* ViewController.h */ = {isa = PBXFileReference; lastKnownFileType = sourcecode.c.h; path = ViewController.h; sourceTree = "<group>"; };
		2ABBFAAA22C44BD500EDD62E /* ViewController.m */ = {isa = PBXFileReference; lastKnownFileType = sourcecode.c.objc; path = ViewController.m; sourceTree = "<group>"; };
		2ABBFAAD22C44BD500EDD62E /* Base */ = {isa = PBXFileReference; lastKnownFileType = file.storyboard; name = Base; path = Base.lproj/Main.storyboard; sourceTree = "<group>"; };
		2ABBFAAF22C44BD700EDD62E /* Assets.xcassets */ = {isa = PBXFileReference; lastKnownFileType = folder.assetcatalog; path = Assets.xcassets; sourceTree = "<group>"; };
		2ABBFAB222C44BD700EDD62E /* Base */ = {isa = PBXFileReference; lastKnownFileType = file.storyboard; name = Base; path = Base.lproj/LaunchScreen.storyboard; sourceTree = "<group>"; };
		2ABBFAB422C44BD700EDD62E /* Info.plist */ = {isa = PBXFileReference; lastKnownFileType = text.plist.xml; path = Info.plist; sourceTree = "<group>"; };
		2ABBFAB522C44BD700EDD62E /* main.m */ = {isa = PBXFileReference; lastKnownFileType = sourcecode.c.objc; path = main.m; sourceTree = "<group>"; };
		2ABBFABC22C44FD200EDD62E /* TestLock.h */ = {isa = PBXFileReference; lastKnownFileType = sourcecode.c.h; path = TestLock.h; sourceTree = "<group>"; };
		2ABBFABD22C44FD200EDD62E /* TestLock.m */ = {isa = PBXFileReference; lastKnownFileType = sourcecode.c.objc; path = TestLock.m; sourceTree = "<group>"; };
/* End PBXFileReference section */

/* Begin PBXFrameworksBuildPhase section */
		2ABBFAA022C44BD500EDD62E /* Frameworks */ = {
			isa = PBXFrameworksBuildPhase;
			buildActionMask = 2147483647;
			files = (
			);
			runOnlyForDeploymentPostprocessing = 0;
		};
/* End PBXFrameworksBuildPhase section */

/* Begin PBXGroup section */
		2ABBFA9A22C44BD500EDD62E = {
			isa = PBXGroup;
			children = (
				2ABBFAA522C44BD500EDD62E /* AboutLock */,
				2ABBFAA422C44BD500EDD62E /* Products */,
			);
			sourceTree = "<group>";
		};
		2ABBFAA422C44BD500EDD62E /* Products */ = {
			isa = PBXGroup;
			children = (
				2ABBFAA322C44BD500EDD62E /* AboutLock.app */,
			);
			name = Products;
			sourceTree = "<group>";
		};
		2ABBFAA522C44BD500EDD62E /* AboutLock */ = {
			isa = PBXGroup;
			children = (
				2ABBFAA622C44BD500EDD62E /* AppDelegate.h */,
				2ABBFAA722C44BD500EDD62E /* AppDelegate.m */,
				2ABBFAA922C44BD500EDD62E /* ViewController.h */,
				2ABBFAAA22C44BD500EDD62E /* ViewController.m */,
				2ABBFABC22C44FD200EDD62E /* TestLock.h */,
				2ABBFABD22C44FD200EDD62E /* TestLock.m */,
				2ABBFAAC22C44BD500EDD62E /* Main.storyboard */,
				2ABBFAAF22C44BD700EDD62E /* Assets.xcassets */,
				2ABBFAB122C44BD700EDD62E /* LaunchScreen.storyboard */,
				2ABBFAB422C44BD700EDD62E /* Info.plist */,
				2ABBFAB522C44BD700EDD62E /* main.m */,
			);
			path = AboutLock;
			sourceTree = "<group>";
		};
/* End PBXGroup section */

/* Begin PBXNativeTarget section */
		2ABBFAA222C44BD500EDD62E /* AboutLock */ = {
			isa = PBXNativeTarget;
			buildConfigurationList = 2ABBFAB922C44BD700EDD62E /* Build configuration list for PBXNativeTarget "AboutLock" */;
			buildPhases = (
				2ABBFA9F22C44BD500EDD62E /* Sources */,
				2ABBFAA022C44BD500EDD62E /* Frameworks */,
				2ABBFAA122C44BD500EDD62E /* Resources */,
			);
			buildRules = (
			);
			dependencies = (
			);
			name = AboutLock;
			productName = AboutLock;
			productReference = 2ABBFAA322C44BD500EDD62E /* AboutLock.app */;
			productType = "com.apple.product-type.application";
		};
/* End PBXNativeTarget section */

/* Begin PBXProject section */
		2ABBFA9B22C44BD500EDD62E /* Project object */ = {
			isa = PBXProject;
			attributes = {
				LastUpgradeCheck = 1020;
				ORGANIZATIONNAME = DHSD;
				TargetAttributes = {
					2ABBFAA222C44BD500EDD62E = {
						CreatedOnToolsVersion = 10.2.1;
					};
				};
			};
			buildConfigurationList = 2ABBFA9E22C44BD500EDD62E /* Build configuration list for PBXProject "AboutLock" */;
			compatibilityVersion = "Xcode 9.3";
			developmentRegion = en;
			hasScannedForEncodings = 0;
			knownRegions = (
				en,
				Base,
			);
			mainGroup = 2ABBFA9A22C44BD500EDD62E;
			productRefGroup = 2ABBFAA422C44BD500EDD62E /* Products */;
			projectDirPath = "";
			projectRoot = "";
			targets = (
				2ABBFAA222C44BD500EDD62E /* AboutLock */,
			);
		};
/* End PBXProject section */

/* Begin PBXResourcesBuildPhase section */
		2ABBFAA122C44BD500EDD62E /* Resources */ = {
			isa = PBXResourcesBuildPhase;
			buildActionMask = 2147483647;
			files = (
				2ABBFAB322C44BD700EDD62E /* LaunchScreen.storyboard in Resources */,
				2ABBFAB022C44BD700EDD62E /* Assets.xcassets in Resources */,
				2ABBFAAE22C44BD500EDD62E /* Main.storyboard in Resources */,
			);
			runOnlyForDeploymentPostprocessing = 0;
		};
/* End PBXResourcesBuildPhase section */

/* Begin PBXSourcesBuildPhase section */
		2ABBFA9F22C44BD500EDD62E /* Sources */ = {
			isa = PBXSourcesBuildPhase;
			buildActionMask = 2147483647;
			files = (
				2ABBFAAB22C44BD500EDD62E /* ViewController.m in Sources */,
				2ABBFAB622C44BD700EDD62E /* main.m in Sources */,
				2ABBFABE22C44FD200EDD62E /* TestLock.m in Sources */,
				2ABBFAA822C44BD500EDD62E /* AppDelegate.m in Sources */,
			);
			runOnlyForDeploymentPostprocessing = 0;
		};
/* End PBXSourcesBuildPhase section */

/* Begin PBXVariantGroup section */
		2ABBFAAC22C44BD500EDD62E /* Main.storyboard */ = {
			isa = PBXVariantGroup;
			children = (
				2ABBFAAD22C44BD500EDD62E /* Base */,
			);
			name = Main.storyboard;
			sourceTree = "<group>";
		};
		2ABBFAB122C44BD700EDD62E /* LaunchScreen.storyboard */ = {
			isa = PBXVariantGroup;
			children = (
				2ABBFAB222C44BD700EDD62E /* Base */,
			);
			name = LaunchScreen.storyboard;
			sourceTree = "<group>";
		};
/* End PBXVariantGroup section */

/* Begin XCBuildConfiguration section */
		2ABBFAB722C44BD700EDD62E /* Debug */ = {
			isa = XCBuildConfiguration;
			buildSettings = {
				ALWAYS_SEARCH_USER_PATHS = NO;
				CLANG_ANALYZER_NONNULL = YES;
				CLANG_ANALYZER_NUMBER_OBJECT_CONVERSION = YES_AGGRESSIVE;
				CLANG_CXX_LANGUAGE_STANDARD = "gnu++14";
				CLANG_CXX_LIBRARY = "libc++";
				CLANG_ENABLE_MODULES = YES;
				CLANG_ENABLE_OBJC_ARC = YES;
				CLANG_ENABLE_OBJC_WEAK = YES;
				CLANG_WARN_BLOCK_CAPTURE_AUTORELEASING = YES;
				CLANG_WARN_BOOL_CONVERSION = YES;
				CLANG_WARN_COMMA = YES;
				CLANG_WARN_CONSTANT_CONVERSION = YES;
				CLANG_WARN_DEPRECATED_OBJC_IMPLEMENTATIONS = YES;
				CLANG_WARN_DIRECT_OBJC_ISA_USAGE = YES_ERROR;
				CLANG_WARN_DOCUMENTATION_COMMENTS = YES;
				CLANG_WARN_EMPTY_BODY = YES;
				CLANG_WARN_ENUM_CONVERSION = YES;
				CLANG_WARN_INFINITE_RECURSION = YES;
				CLANG_WARN_INT_CONVERSION = YES;
				CLANG_WARN_NON_LITERAL_NULL_CONVERSION = YES;
				CLANG_WARN_OBJC_IMPLICIT_RETAIN_SELF = YES;
				CLANG_WARN_OBJC_LITERAL_CONVERSION = YES;
				CLANG_WARN_OBJC_ROOT_CLASS = YES_ERROR;
				CLANG_WARN_RANGE_LOOP_ANALYSIS = YES;
				CLANG_WARN_STRICT_PROTOTYPES = YES;
				CLANG_WARN_SUSPICIOUS_MOVE = YES;
				CLANG_WARN_UNGUARDED_AVAILABILITY = YES_AGGRESSIVE;
				CLANG_WARN_UNREACHABLE_CODE = YES;
				CLANG_WARN__DUPLICATE_METHOD_MATCH = YES;
				CODE_SIGN_IDENTITY = "iPhone Developer";
				COPY_PHASE_STRIP = NO;
				DEBUG_INFORMATION_FORMAT = dwarf;
				ENABLE_STRICT_OBJC_MSGSEND = YES;
				ENABLE_TESTABILITY = YES;
				GCC_C_LANGUAGE_STANDARD = gnu11;
				GCC_DYNAMIC_NO_PIC = NO;
				GCC_NO_COMMON_BLOCKS = YES;
				GCC_OPTIMIZATION_LEVEL = 0;
				GCC_PREPROCESSOR_DEFINITIONS = (
					"DEBUG=1",
					"$(inherited)",
				);
				GCC_WARN_64_TO_32_BIT_CONVERSION = YES;
				GCC_WARN_ABOUT_RETURN_TYPE = YES_ERROR;
				GCC_WARN_UNDECLARED_SELECTOR = YES;
				GCC_WARN_UNINITIALIZED_AUTOS = YES_AGGRESSIVE;
				GCC_WARN_UNUSED_FUNCTION = YES;
				GCC_WARN_UNUSED_VARIABLE = YES;
				IPHONEOS_DEPLOYMENT_TARGET = 12.2;
				MTL_ENABLE_DEBUG_INFO = INCLUDE_SOURCE;
				MTL_FAST_MATH = YES;
				ONLY_ACTIVE_ARCH = YES;
				SDKROOT = iphoneos;
			};
			name = Debug;
		};
		2ABBFAB822C44BD700EDD62E /* Release */ = {
			isa = XCBuildConfiguration;
			buildSettings = {
				ALWAYS_SEARCH_USER_PATHS = NO;
				CLANG_ANALYZER_NONNULL = YES;
				CLANG_ANALYZER_NUMBER_OBJECT_CONVERSION = YES_AGGRESSIVE;
				CLANG_CXX_LANGUAGE_STANDARD = "gnu++14";
				CLANG_CXX_LIBRARY = "libc++";
				CLANG_ENABLE_MODULES = YES;
				CLANG_ENABLE_OBJC_ARC = YES;
				CLANG_ENABLE_OBJC_WEAK = YES;
				CLANG_WARN_BLOCK_CAPTURE_AUTORELEASING = YES;
				CLANG_WARN_BOOL_CONVERSION = YES;
				CLANG_WARN_COMMA = YES;
				CLANG_WARN_CONSTANT_CONVERSION = YES;
				CLANG_WARN_DEPRECATED_OBJC_IMPLEMENTATIONS = YES;
				CLANG_WARN_DIRECT_OBJC_ISA_USAGE = YES_ERROR;
				CLANG_WARN_DOCUMENTATION_COMMENTS = YES;
				CLANG_WARN_EMPTY_BODY = YES;
				CLANG_WARN_ENUM_CONVERSION = YES;
				CLANG_WARN_INFINITE_RECURSION = YES;
				CLANG_WARN_INT_CONVERSION = YES;
				CLANG_WARN_NON_LITERAL_NULL_CONVERSION = YES;
				CLANG_WARN_OBJC_IMPLICIT_RETAIN_SELF = YES;
				CLANG_WARN_OBJC_LITERAL_CONVERSION = YES;
				CLANG_WARN_OBJC_ROOT_CLASS = YES_ERROR;
				CLANG_WARN_RANGE_LOOP_ANALYSIS = YES;
				CLANG_WARN_STRICT_PROTOTYPES = YES;
				CLANG_WARN_SUSPICIOUS_MOVE = YES;
				CLANG_WARN_UNGUARDED_AVAILABILITY = YES_AGGRESSIVE;
				CLANG_WARN_UNREACHABLE_CODE = YES;
				CLANG_WARN__DUPLICATE_METHOD_MATCH = YES;
				CODE_SIGN_IDENTITY = "iPhone Developer";
				COPY_PHASE_STRIP = NO;
				DEBUG_INFORMATION_FORMAT = "dwarf-with-dsym";
				ENABLE_NS_ASSERTIONS = NO;
				ENABLE_STRICT_OBJC_MSGSEND = YES;
				GCC_C_LANGUAGE_STANDARD = gnu11;
				GCC_NO_COMMON_BLOCKS = YES;
				GCC_WARN_64_TO_32_BIT_CONVERSION = YES;
				GCC_WARN_ABOUT_RETURN_TYPE = YES_ERROR;
				GCC_WARN_UNDECLARED_SELECTOR = YES;
				GCC_WARN_UNINITIALIZED_AUTOS = YES_AGGRESSIVE;
				GCC_WARN_UNUSED_FUNCTION = YES;
				GCC_WARN_UNUSED_VARIABLE = YES;
				IPHONEOS_DEPLOYMENT_TARGET = 12.2;
				MTL_ENABLE_DEBUG_INFO = NO;
				MTL_FAST_MATH = YES;
				SDKROOT = iphoneos;
				VALIDATE_PRODUCT = YES;
			};
			name = Release;
		};
		2ABBFABA22C44BD700EDD62E /* Debug */ = {
			isa = XCBuildConfiguration;
			buildSettings = {
				ASSETCATALOG_COMPILER_APPICON_NAME = AppIcon;
				CODE_SIGN_STYLE = Automatic;
				INFOPLIST_FILE = AboutLock/Info.plist;
				LD_RUNPATH_SEARCH_PATHS = (
					"$(inherited)",
					"@executable_path/Frameworks",
				);
				PRODUCT_BUNDLE_IDENTIFIER = com.dhsd.AboutLock;
				PRODUCT_NAME = "$(TARGET_NAME)";
				TARGETED_DEVICE_FAMILY = "1,2";
			};
			name = Debug;
		};
		2ABBFABB22C44BD700EDD62E /* Release */ = {
			isa = XCBuildConfiguration;
			buildSettings = {
				ASSETCATALOG_COMPILER_APPICON_NAME = AppIcon;
				CODE_SIGN_STYLE = Automatic;
				INFOPLIST_FILE = AboutLock/Info.plist;
				LD_RUNPATH_SEARCH_PATHS = (
					"$(inherited)",
					"@executable_path/Frameworks",
				);
				PRODUCT_BUNDLE_IDENTIFIER = com.dhsd.AboutLock;
				PRODUCT_NAME = "$(TARGET_NAME)";
				TARGETED_DEVICE_FAMILY = "1,2";
			};
			name = Release;
		};
/* End XCBuildConfiguration section */

/* Begin XCConfigurationList section */
		2ABBFA9E22C44BD500EDD62E /* Build configuration list for PBXProject "AboutLock" */ = {
			isa = XCConfigurationList;
			buildConfigurations = (
				2ABBFAB722C44BD700EDD62E /* Debug */,
				2ABBFAB822C44BD700EDD62E /* Release */,
			);
			defaultConfigurationIsVisible = 0;
			defaultConfigurationName = Release;
		};
		2ABBFAB922C44BD700EDD62E /* Build configuration list for PBXNativeTarget "AboutLock" */ = {
			isa = XCConfigurationList;
			buildConfigurations = (
				2ABBFABA22C44BD700EDD62E /* Debug */,
				2ABBFABB22C44BD700EDD62E /* Release */,
			);
			defaultConfigurationIsVisible = 0;
			defaultConfigurationName = Release;
		};
/* End XCConfigurationList section */
	};
	rootObject = 2ABBFA9B22C44BD500EDD62E /* Project object */;
}
